// !$*UTF8*$!
{
	archiveVersion = 1;
	classes = {
	};
	objectVersion = 77;
	objects = {

/* Begin PBXBuildFile section */
		491A17152CEB85EF00C4666F /* Kingfisher in Frameworks */ = {isa = PBXBuildFile; productRef = 491A17142CEB85EF00C4666F /* Kingfisher */; };
		491A17482CEC66FD00C4666F /* PollContentWebStyle.swift in Sources */ = {isa = PBXBuildFile; fileRef = 491A17472CEC66FD00C4666F /* PollContentWebStyle.swift */; };
		491A174A2CEC685C00C4666F /* PollContentOptionView.swift in Sources */ = {isa = PBXBuildFile; fileRef = 491A17492CEC685C00C4666F /* PollContentOptionView.swift */; };
		491A174C2CEC7EB100C4666F /* ThreeByTwoGridView.swift in Sources */ = {isa = PBXBuildFile; fileRef = 491A174B2CEC7EB100C4666F /* ThreeByTwoGridView.swift */; };
		4945A2A22CEB6ECC00FF05DC /* Preview Assets.xcassets in Resources */ = {isa = PBXBuildFile; fileRef = 4945A2722CEB6ECC00FF05DC /* Preview Assets.xcassets */; };
		4945A2A32CEB6ECC00FF05DC /* Assets.xcassets in Resources */ = {isa = PBXBuildFile; fileRef = 4945A29A2CEB6ECC00FF05DC /* Assets.xcassets */; };
		4945A2A52CEB6ECC00FF05DC /* SUIT-Bold.ttf in Resources */ = {isa = PBXBuildFile; fileRef = 4945A29E2CEB6ECC00FF05DC /* SUIT-Bold.ttf */; };
		4945A2A62CEB6ECC00FF05DC /* SUIT-Variable.ttf in Resources */ = {isa = PBXBuildFile; fileRef = 4945A29F2CEB6ECC00FF05DC /* SUIT-Variable.ttf */; };
		4945A2A72CEB6ECC00FF05DC /* YANGJIN.otf in Resources */ = {isa = PBXBuildFile; fileRef = 4945A2A02CEB6ECC00FF05DC /* YANGJIN.otf */; };
		4945A2A82CEB6ECC00FF05DC /* DialogViewModifier.swift in Sources */ = {isa = PBXBuildFile; fileRef = 4945A26C2CEB6ECC00FF05DC /* DialogViewModifier.swift */; };
		4945A2A92CEB6ECC00FF05DC /* Color+.swift in Sources */ = {isa = PBXBuildFile; fileRef = 4945A26E2CEB6ECC00FF05DC /* Color+.swift */; };
		4945A2AA2CEB6ECC00FF05DC /* Font+.swift in Sources */ = {isa = PBXBuildFile; fileRef = 4945A26F2CEB6ECC00FF05DC /* Font+.swift */; };
		4945A2AB2CEB6ECC00FF05DC /* UINavigationController+.swift in Sources */ = {isa = PBXBuildFile; fileRef = 4945A2702CEB6ECC00FF05DC /* UINavigationController+.swift */; };
		4945A2AC2CEB6ECC00FF05DC /* CalendarView.swift in Sources */ = {isa = PBXBuildFile; fileRef = 4945A2742CEB6ECC00FF05DC /* CalendarView.swift */; };
		4945A2AD2CEB6ECC00FF05DC /* CallendarOptionView.swift in Sources */ = {isa = PBXBuildFile; fileRef = 4945A2752CEB6ECC00FF05DC /* CallendarOptionView.swift */; };
		4945A2AE2CEB6ECC00FF05DC /* ChooseTwoOptionsView.swift in Sources */ = {isa = PBXBuildFile; fileRef = 4945A2762CEB6ECC00FF05DC /* ChooseTwoOptionsView.swift */; };
		4945A2AF2CEB6ECC00FF05DC /* EnrollPollButton.swift in Sources */ = {isa = PBXBuildFile; fileRef = 4945A2772CEB6ECC00FF05DC /* EnrollPollButton.swift */; };
		4945A2B02CEB6ECC00FF05DC /* OptionBoxView.swift in Sources */ = {isa = PBXBuildFile; fileRef = 4945A2782CEB6ECC00FF05DC /* OptionBoxView.swift */; };
		4945A2B12CEB6ECC00FF05DC /* PollItemView.swift in Sources */ = {isa = PBXBuildFile; fileRef = 4945A2792CEB6ECC00FF05DC /* PollItemView.swift */; };
		4945A2B22CEB6ECC00FF05DC /* QuestionButton.swift in Sources */ = {isa = PBXBuildFile; fileRef = 4945A27A2CEB6ECC00FF05DC /* QuestionButton.swift */; };
		4945A2B32CEB6ECC00FF05DC /* CreatePollContentGridView.swift in Sources */ = {isa = PBXBuildFile; fileRef = 4945A27B2CEB6ECC00FF05DC /* CreatePollContentGridView.swift */; };
		4945A2B42CEB6ECC00FF05DC /* CreatePollView.swift in Sources */ = {isa = PBXBuildFile; fileRef = 4945A27D2CEB6ECC00FF05DC /* CreatePollView.swift */; };
		4945A2B52CEB6ECC00FF05DC /* PollItemFocus.swift in Sources */ = {isa = PBXBuildFile; fileRef = 4945A27E2CEB6ECC00FF05DC /* PollItemFocus.swift */; };
		4945A2B62CEB6ECC00FF05DC /* PollChartView.swift in Sources */ = {isa = PBXBuildFile; fileRef = 4945A2802CEB6ECC00FF05DC /* PollChartView.swift */; };
		4945A2B72CEB6ECC00FF05DC /* PollStateView.swift in Sources */ = {isa = PBXBuildFile; fileRef = 4945A2812CEB6ECC00FF05DC /* PollStateView.swift */; };
		4945A2B82CEB6ECC00FF05DC /* AllPollContent.swift in Sources */ = {isa = PBXBuildFile; fileRef = 4945A2832CEB6ECC00FF05DC /* AllPollContent.swift */; };
		4945A2B92CEB6ECC00FF05DC /* AllPollList.swift in Sources */ = {isa = PBXBuildFile; fileRef = 4945A2842CEB6ECC00FF05DC /* AllPollList.swift */; };
		4945A2BA2CEB6ECC00FF05DC /* PollContent.swift in Sources */ = {isa = PBXBuildFile; fileRef = 4945A2852CEB6ECC00FF05DC /* PollContent.swift */; };
		4945A2BB2CEB6ECC00FF05DC /* PollList.swift in Sources */ = {isa = PBXBuildFile; fileRef = 4945A2862CEB6ECC00FF05DC /* PollList.swift */; };
		4945A2BC2CEB6ECC00FF05DC /* SearchPollView.swift in Sources */ = {isa = PBXBuildFile; fileRef = 4945A2882CEB6ECC00FF05DC /* SearchPollView.swift */; };
		4945A2BD2CEB6ECC00FF05DC /* HomeView.swift in Sources */ = {isa = PBXBuildFile; fileRef = 4945A28A2CEB6ECC00FF05DC /* HomeView.swift */; };
		4945A2BE2CEB6ECC00FF05DC /* OAuthLoginButton.swift in Sources */ = {isa = PBXBuildFile; fileRef = 4945A28C2CEB6ECC00FF05DC /* OAuthLoginButton.swift */; };
		4945A2BF2CEB6ECC00FF05DC /* LoginView.swift in Sources */ = {isa = PBXBuildFile; fileRef = 4945A28E2CEB6ECC00FF05DC /* LoginView.swift */; };
		4945A2C02CEB6ECC00FF05DC /* CustomTabView.swift in Sources */ = {isa = PBXBuildFile; fileRef = 4945A2902CEB6ECC00FF05DC /* CustomTabView.swift */; };
		4945A2C12CEB6ECC00FF05DC /* CustomTabViewButton.swift in Sources */ = {isa = PBXBuildFile; fileRef = 4945A2912CEB6ECC00FF05DC /* CustomTabViewButton.swift */; };
		4945A2C22CEB6ECC00FF05DC /* TitleView.swift in Sources */ = {isa = PBXBuildFile; fileRef = 4945A2922CEB6ECC00FF05DC /* TitleView.swift */; };
		4945A2C32CEB6ECC00FF05DC /* MainView.swift in Sources */ = {isa = PBXBuildFile; fileRef = 4945A2942CEB6ECC00FF05DC /* MainView.swift */; };
		4945A2C42CEB6ECC00FF05DC /* MainViewModel.swift in Sources */ = {isa = PBXBuildFile; fileRef = 4945A2952CEB6ECC00FF05DC /* MainViewModel.swift */; };
		4945A2C52CEB6ECC00FF05DC /* MyPollView.swift in Sources */ = {isa = PBXBuildFile; fileRef = 4945A2972CEB6ECC00FF05DC /* MyPollView.swift */; };
		4945A2C62CEB6ECC00FF05DC /* ContentView.swift in Sources */ = {isa = PBXBuildFile; fileRef = 4945A29B2CEB6ECC00FF05DC /* ContentView.swift */; };
		4945A2C72CEB6ECC00FF05DC /* GollabaApp.swift in Sources */ = {isa = PBXBuildFile; fileRef = 4945A29C2CEB6ECC00FF05DC /* GollabaApp.swift */; };
		4945A2C92CEB73A700FF05DC /* HomeViewModel.swift in Sources */ = {isa = PBXBuildFile; fileRef = 4945A2C82CEB73A200FF05DC /* HomeViewModel.swift */; };
/* End PBXBuildFile section */

/* Begin PBXFileReference section */
		491A17472CEC66FD00C4666F /* PollContentWebStyle.swift */ = {isa = PBXFileReference; lastKnownFileType = sourcecode.swift; path = PollContentWebStyle.swift; sourceTree = "<group>"; };
		491A17492CEC685C00C4666F /* PollContentOptionView.swift */ = {isa = PBXFileReference; lastKnownFileType = sourcecode.swift; path = PollContentOptionView.swift; sourceTree = "<group>"; };
		491A174B2CEC7EB100C4666F /* ThreeByTwoGridView.swift */ = {isa = PBXFileReference; lastKnownFileType = sourcecode.swift; path = ThreeByTwoGridView.swift; sourceTree = "<group>"; };
		4945A26C2CEB6ECC00FF05DC /* DialogViewModifier.swift */ = {isa = PBXFileReference; lastKnownFileType = sourcecode.swift; path = DialogViewModifier.swift; sourceTree = "<group>"; };
		4945A26E2CEB6ECC00FF05DC /* Color+.swift */ = {isa = PBXFileReference; lastKnownFileType = sourcecode.swift; path = "Color+.swift"; sourceTree = "<group>"; };
		4945A26F2CEB6ECC00FF05DC /* Font+.swift */ = {isa = PBXFileReference; lastKnownFileType = sourcecode.swift; path = "Font+.swift"; sourceTree = "<group>"; };
		4945A2702CEB6ECC00FF05DC /* UINavigationController+.swift */ = {isa = PBXFileReference; lastKnownFileType = sourcecode.swift; path = "UINavigationController+.swift"; sourceTree = "<group>"; };
		4945A2722CEB6ECC00FF05DC /* Preview Assets.xcassets */ = {isa = PBXFileReference; lastKnownFileType = folder.assetcatalog; path = "Preview Assets.xcassets"; sourceTree = "<group>"; };
		4945A2742CEB6ECC00FF05DC /* CalendarView.swift */ = {isa = PBXFileReference; lastKnownFileType = sourcecode.swift; path = CalendarView.swift; sourceTree = "<group>"; };
		4945A2752CEB6ECC00FF05DC /* CallendarOptionView.swift */ = {isa = PBXFileReference; lastKnownFileType = sourcecode.swift; path = CallendarOptionView.swift; sourceTree = "<group>"; };
		4945A2762CEB6ECC00FF05DC /* ChooseTwoOptionsView.swift */ = {isa = PBXFileReference; lastKnownFileType = sourcecode.swift; path = ChooseTwoOptionsView.swift; sourceTree = "<group>"; };
		4945A2772CEB6ECC00FF05DC /* EnrollPollButton.swift */ = {isa = PBXFileReference; lastKnownFileType = sourcecode.swift; path = EnrollPollButton.swift; sourceTree = "<group>"; };
		4945A2782CEB6ECC00FF05DC /* OptionBoxView.swift */ = {isa = PBXFileReference; lastKnownFileType = sourcecode.swift; path = OptionBoxView.swift; sourceTree = "<group>"; };
		4945A2792CEB6ECC00FF05DC /* PollItemView.swift */ = {isa = PBXFileReference; lastKnownFileType = sourcecode.swift; path = PollItemView.swift; sourceTree = "<group>"; };
		4945A27A2CEB6ECC00FF05DC /* QuestionButton.swift */ = {isa = PBXFileReference; lastKnownFileType = sourcecode.swift; path = QuestionButton.swift; sourceTree = "<group>"; };
		4945A27B2CEB6ECC00FF05DC /* CreatePollContentGridView.swift */ = {isa = PBXFileReference; lastKnownFileType = sourcecode.swift; path = CreatePollContentGridView.swift; sourceTree = "<group>"; };
		4945A27D2CEB6ECC00FF05DC /* CreatePollView.swift */ = {isa = PBXFileReference; lastKnownFileType = sourcecode.swift; path = CreatePollView.swift; sourceTree = "<group>"; };
		4945A27E2CEB6ECC00FF05DC /* PollItemFocus.swift */ = {isa = PBXFileReference; lastKnownFileType = sourcecode.swift; path = PollItemFocus.swift; sourceTree = "<group>"; };
		4945A2802CEB6ECC00FF05DC /* PollChartView.swift */ = {isa = PBXFileReference; lastKnownFileType = sourcecode.swift; path = PollChartView.swift; sourceTree = "<group>"; };
		4945A2812CEB6ECC00FF05DC /* PollStateView.swift */ = {isa = PBXFileReference; lastKnownFileType = sourcecode.swift; path = PollStateView.swift; sourceTree = "<group>"; };
		4945A2832CEB6ECC00FF05DC /* AllPollContent.swift */ = {isa = PBXFileReference; lastKnownFileType = sourcecode.swift; path = AllPollContent.swift; sourceTree = "<group>"; };
		4945A2842CEB6ECC00FF05DC /* AllPollList.swift */ = {isa = PBXFileReference; lastKnownFileType = sourcecode.swift; path = AllPollList.swift; sourceTree = "<group>"; };
		4945A2852CEB6ECC00FF05DC /* PollContent.swift */ = {isa = PBXFileReference; lastKnownFileType = sourcecode.swift; path = PollContent.swift; sourceTree = "<group>"; };
		4945A2862CEB6ECC00FF05DC /* PollList.swift */ = {isa = PBXFileReference; lastKnownFileType = sourcecode.swift; path = PollList.swift; sourceTree = "<group>"; };
		4945A2882CEB6ECC00FF05DC /* SearchPollView.swift */ = {isa = PBXFileReference; lastKnownFileType = sourcecode.swift; path = SearchPollView.swift; sourceTree = "<group>"; };
		4945A28A2CEB6ECC00FF05DC /* HomeView.swift */ = {isa = PBXFileReference; lastKnownFileType = sourcecode.swift; path = HomeView.swift; sourceTree = "<group>"; };
		4945A28C2CEB6ECC00FF05DC /* OAuthLoginButton.swift */ = {isa = PBXFileReference; lastKnownFileType = sourcecode.swift; path = OAuthLoginButton.swift; sourceTree = "<group>"; };
		4945A28E2CEB6ECC00FF05DC /* LoginView.swift */ = {isa = PBXFileReference; lastKnownFileType = sourcecode.swift; path = LoginView.swift; sourceTree = "<group>"; };
		4945A2902CEB6ECC00FF05DC /* CustomTabView.swift */ = {isa = PBXFileReference; lastKnownFileType = sourcecode.swift; path = CustomTabView.swift; sourceTree = "<group>"; };
		4945A2912CEB6ECC00FF05DC /* CustomTabViewButton.swift */ = {isa = PBXFileReference; lastKnownFileType = sourcecode.swift; path = CustomTabViewButton.swift; sourceTree = "<group>"; };
		4945A2922CEB6ECC00FF05DC /* TitleView.swift */ = {isa = PBXFileReference; lastKnownFileType = sourcecode.swift; path = TitleView.swift; sourceTree = "<group>"; };
		4945A2942CEB6ECC00FF05DC /* MainView.swift */ = {isa = PBXFileReference; lastKnownFileType = sourcecode.swift; path = MainView.swift; sourceTree = "<group>"; };
		4945A2952CEB6ECC00FF05DC /* MainViewModel.swift */ = {isa = PBXFileReference; lastKnownFileType = sourcecode.swift; path = MainViewModel.swift; sourceTree = "<group>"; };
		4945A2972CEB6ECC00FF05DC /* MyPollView.swift */ = {isa = PBXFileReference; lastKnownFileType = sourcecode.swift; path = MyPollView.swift; sourceTree = "<group>"; };
		4945A29A2CEB6ECC00FF05DC /* Assets.xcassets */ = {isa = PBXFileReference; lastKnownFileType = folder.assetcatalog; path = Assets.xcassets; sourceTree = "<group>"; };
		4945A29B2CEB6ECC00FF05DC /* ContentView.swift */ = {isa = PBXFileReference; lastKnownFileType = sourcecode.swift; path = ContentView.swift; sourceTree = "<group>"; };
		4945A29C2CEB6ECC00FF05DC /* GollabaApp.swift */ = {isa = PBXFileReference; lastKnownFileType = sourcecode.swift; path = GollabaApp.swift; sourceTree = "<group>"; };
		4945A29D2CEB6ECC00FF05DC /* Info.plist */ = {isa = PBXFileReference; lastKnownFileType = text.plist.xml; path = Info.plist; sourceTree = "<group>"; };
		4945A29E2CEB6ECC00FF05DC /* SUIT-Bold.ttf */ = {isa = PBXFileReference; lastKnownFileType = file; path = "SUIT-Bold.ttf"; sourceTree = "<group>"; };
		4945A29F2CEB6ECC00FF05DC /* SUIT-Variable.ttf */ = {isa = PBXFileReference; lastKnownFileType = file; path = "SUIT-Variable.ttf"; sourceTree = "<group>"; };
		4945A2A02CEB6ECC00FF05DC /* YANGJIN.otf */ = {isa = PBXFileReference; lastKnownFileType = file; path = YANGJIN.otf; sourceTree = "<group>"; };
		4945A2C82CEB73A200FF05DC /* HomeViewModel.swift */ = {isa = PBXFileReference; lastKnownFileType = sourcecode.swift; path = HomeViewModel.swift; sourceTree = "<group>"; };
		49C5CF742CDE24D2001DD737 /* Gollaba.app */ = {isa = PBXFileReference; explicitFileType = wrapper.application; includeInIndex = 0; path = Gollaba.app; sourceTree = BUILT_PRODUCTS_DIR; };
/* End PBXFileReference section */

/* Begin PBXFileSystemSynchronizedRootGroup section */
		4945A2CC2CEB741300FF05DC /* PollDetail */ = {
			isa = PBXFileSystemSynchronizedRootGroup;
			path = PollDetail;
			sourceTree = "<group>";
		};
/* End PBXFileSystemSynchronizedRootGroup section */

/* Begin PBXFrameworksBuildPhase section */
		49C5CF712CDE24D2001DD737 /* Frameworks */ = {
			isa = PBXFrameworksBuildPhase;
			buildActionMask = 2147483647;
			files = (
				491A17152CEB85EF00C4666F /* Kingfisher in Frameworks */,
			);
			runOnlyForDeploymentPostprocessing = 0;
		};
/* End PBXFrameworksBuildPhase section */

/* Begin PBXGroup section */
		4945A26D2CEB6ECC00FF05DC /* Common */ = {
			isa = PBXGroup;
			children = (
				4945A26C2CEB6ECC00FF05DC /* DialogViewModifier.swift */,
				4945A2802CEB6ECC00FF05DC /* PollChartView.swift */,
				491A174B2CEC7EB100C4666F /* ThreeByTwoGridView.swift */,
			);
			path = Common;
			sourceTree = "<group>";
		};
		4945A2712CEB6ECC00FF05DC /* Extension */ = {
			isa = PBXGroup;
			children = (
				4945A26E2CEB6ECC00FF05DC /* Color+.swift */,
				4945A26F2CEB6ECC00FF05DC /* Font+.swift */,
				4945A2702CEB6ECC00FF05DC /* UINavigationController+.swift */,
			);
			path = Extension;
			sourceTree = "<group>";
		};
		4945A2732CEB6ECC00FF05DC /* Preview Content */ = {
			isa = PBXGroup;
			children = (
				4945A2722CEB6ECC00FF05DC /* Preview Assets.xcassets */,
			);
			path = "Preview Content";
			sourceTree = "<group>";
		};
		4945A27C2CEB6ECC00FF05DC /* CustomView */ = {
			isa = PBXGroup;
			children = (
				4945A2742CEB6ECC00FF05DC /* CalendarView.swift */,
				4945A2752CEB6ECC00FF05DC /* CallendarOptionView.swift */,
				4945A2762CEB6ECC00FF05DC /* ChooseTwoOptionsView.swift */,
				4945A2772CEB6ECC00FF05DC /* EnrollPollButton.swift */,
				4945A2782CEB6ECC00FF05DC /* OptionBoxView.swift */,
				4945A2792CEB6ECC00FF05DC /* PollItemView.swift */,
				4945A27A2CEB6ECC00FF05DC /* QuestionButton.swift */,
				4945A27B2CEB6ECC00FF05DC /* CreatePollContentGridView.swift */,
			);
			path = CustomView;
			sourceTree = "<group>";
		};
		4945A27F2CEB6ECC00FF05DC /* CreatePoll */ = {
			isa = PBXGroup;
			children = (
				4945A27C2CEB6ECC00FF05DC /* CustomView */,
				4945A27D2CEB6ECC00FF05DC /* CreatePollView.swift */,
				4945A27E2CEB6ECC00FF05DC /* PollItemFocus.swift */,
			);
			path = CreatePoll;
			sourceTree = "<group>";
		};
		4945A2822CEB6ECC00FF05DC /* ViewContent */ = {
			isa = PBXGroup;
			children = (
				4945A2812CEB6ECC00FF05DC /* PollStateView.swift */,
			);
			path = ViewContent;
			sourceTree = "<group>";
		};
		4945A2872CEB6ECC00FF05DC /* PollView */ = {
			isa = PBXGroup;
			children = (
				4945A2822CEB6ECC00FF05DC /* ViewContent */,
				4945A2832CEB6ECC00FF05DC /* AllPollContent.swift */,
				4945A2842CEB6ECC00FF05DC /* AllPollList.swift */,
				4945A2852CEB6ECC00FF05DC /* PollContent.swift */,
				491A17472CEC66FD00C4666F /* PollContentWebStyle.swift */,
				491A17492CEC685C00C4666F /* PollContentOptionView.swift */,
				4945A2862CEB6ECC00FF05DC /* PollList.swift */,
			);
			path = PollView;
			sourceTree = "<group>";
		};
		4945A2892CEB6ECC00FF05DC /* CustomView */ = {
			isa = PBXGroup;
			children = (
				4945A2872CEB6ECC00FF05DC /* PollView */,
				4945A2882CEB6ECC00FF05DC /* SearchPollView.swift */,
			);
			path = CustomView;
			sourceTree = "<group>";
		};
		4945A28B2CEB6ECC00FF05DC /* Home */ = {
			isa = PBXGroup;
			children = (
				4945A2892CEB6ECC00FF05DC /* CustomView */,
				4945A28A2CEB6ECC00FF05DC /* HomeView.swift */,
				4945A2C82CEB73A200FF05DC /* HomeViewModel.swift */,
				4945A2CC2CEB741300FF05DC /* PollDetail */,
			);
			path = Home;
			sourceTree = "<group>";
		};
		4945A28D2CEB6ECC00FF05DC /* CustomView */ = {
			isa = PBXGroup;
			children = (
				4945A28C2CEB6ECC00FF05DC /* OAuthLoginButton.swift */,
			);
			path = CustomView;
			sourceTree = "<group>";
		};
		4945A28F2CEB6ECC00FF05DC /* Login */ = {
			isa = PBXGroup;
			children = (
				4945A28D2CEB6ECC00FF05DC /* CustomView */,
				4945A28E2CEB6ECC00FF05DC /* LoginView.swift */,
			);
			path = Login;
			sourceTree = "<group>";
		};
		4945A2932CEB6ECC00FF05DC /* CustomView */ = {
			isa = PBXGroup;
			children = (
				4945A2902CEB6ECC00FF05DC /* CustomTabView.swift */,
				4945A2912CEB6ECC00FF05DC /* CustomTabViewButton.swift */,
				4945A2922CEB6ECC00FF05DC /* TitleView.swift */,
			);
			path = CustomView;
			sourceTree = "<group>";
		};
		4945A2962CEB6ECC00FF05DC /* Main */ = {
			isa = PBXGroup;
			children = (
				4945A2932CEB6ECC00FF05DC /* CustomView */,
				4945A2942CEB6ECC00FF05DC /* MainView.swift */,
				4945A2952CEB6ECC00FF05DC /* MainViewModel.swift */,
			);
			path = Main;
			sourceTree = "<group>";
		};
		4945A2982CEB6ECC00FF05DC /* MyPoll */ = {
			isa = PBXGroup;
			children = (
				4945A2972CEB6ECC00FF05DC /* MyPollView.swift */,
			);
			path = MyPoll;
			sourceTree = "<group>";
		};
		4945A2992CEB6ECC00FF05DC /* View */ = {
			isa = PBXGroup;
			children = (
				4945A27F2CEB6ECC00FF05DC /* CreatePoll */,
				4945A28B2CEB6ECC00FF05DC /* Home */,
				4945A28F2CEB6ECC00FF05DC /* Login */,
				4945A2962CEB6ECC00FF05DC /* Main */,
				4945A2982CEB6ECC00FF05DC /* MyPoll */,
			);
			path = View;
			sourceTree = "<group>";
		};
		4945A2A12CEB6ECC00FF05DC /* Gollaba */ = {
			isa = PBXGroup;
			children = (
				4945A26D2CEB6ECC00FF05DC /* Common */,
				4945A2712CEB6ECC00FF05DC /* Extension */,
				4945A2732CEB6ECC00FF05DC /* Preview Content */,
				4945A2992CEB6ECC00FF05DC /* View */,
				4945A29A2CEB6ECC00FF05DC /* Assets.xcassets */,
				4945A29B2CEB6ECC00FF05DC /* ContentView.swift */,
				4945A29C2CEB6ECC00FF05DC /* GollabaApp.swift */,
				4945A29D2CEB6ECC00FF05DC /* Info.plist */,
				4945A29E2CEB6ECC00FF05DC /* SUIT-Bold.ttf */,
				4945A29F2CEB6ECC00FF05DC /* SUIT-Variable.ttf */,
				4945A2A02CEB6ECC00FF05DC /* YANGJIN.otf */,
			);
			path = Gollaba;
			sourceTree = "<group>";
		};
		49C5CF6B2CDE24D2001DD737 = {
			isa = PBXGroup;
			children = (
				4945A2A12CEB6ECC00FF05DC /* Gollaba */,
				49C5CF752CDE24D2001DD737 /* Products */,
			);
			sourceTree = "<group>";
		};
		49C5CF752CDE24D2001DD737 /* Products */ = {
			isa = PBXGroup;
			children = (
				49C5CF742CDE24D2001DD737 /* Gollaba.app */,
			);
			name = Products;
			sourceTree = "<group>";
		};
/* End PBXGroup section */

/* Begin PBXNativeTarget section */
		49C5CF732CDE24D2001DD737 /* Gollaba */ = {
			isa = PBXNativeTarget;
			buildConfigurationList = 49C5CF822CDE24D3001DD737 /* Build configuration list for PBXNativeTarget "Gollaba" */;
			buildPhases = (
				49C5CF702CDE24D2001DD737 /* Sources */,
				49C5CF712CDE24D2001DD737 /* Frameworks */,
				49C5CF722CDE24D2001DD737 /* Resources */,
			);
			buildRules = (
			);
			dependencies = (
			);
			fileSystemSynchronizedGroups = (
				4945A2CC2CEB741300FF05DC /* PollDetail */,
			);
			name = Gollaba;
			packageProductDependencies = (
				491A17142CEB85EF00C4666F /* Kingfisher */,
			);
			productName = Gollaba;
			productReference = 49C5CF742CDE24D2001DD737 /* Gollaba.app */;
			productType = "com.apple.product-type.application";
		};
/* End PBXNativeTarget section */

/* Begin PBXProject section */
		49C5CF6C2CDE24D2001DD737 /* Project object */ = {
			isa = PBXProject;
			attributes = {
				BuildIndependentTargetsInParallel = 1;
				LastSwiftUpdateCheck = 1600;
				LastUpgradeCheck = 1600;
				TargetAttributes = {
					49C5CF732CDE24D2001DD737 = {
						CreatedOnToolsVersion = 16.0;
					};
				};
			};
			buildConfigurationList = 49C5CF6F2CDE24D2001DD737 /* Build configuration list for PBXProject "Gollaba" */;
			developmentRegion = en;
			hasScannedForEncodings = 0;
			knownRegions = (
				en,
				Base,
			);
			mainGroup = 49C5CF6B2CDE24D2001DD737;
			minimizedProjectReferenceProxies = 1;
			packageReferences = (
				491A17132CEB85EF00C4666F /* XCRemoteSwiftPackageReference "Kingfisher" */,
			);
			preferredProjectObjectVersion = 77;
			productRefGroup = 49C5CF752CDE24D2001DD737 /* Products */;
			projectDirPath = "";
			projectRoot = "";
			targets = (
				49C5CF732CDE24D2001DD737 /* Gollaba */,
			);
		};
/* End PBXProject section */

/* Begin PBXResourcesBuildPhase section */
		49C5CF722CDE24D2001DD737 /* Resources */ = {
			isa = PBXResourcesBuildPhase;
			buildActionMask = 2147483647;
			files = (
				4945A2A22CEB6ECC00FF05DC /* Preview Assets.xcassets in Resources */,
				4945A2A32CEB6ECC00FF05DC /* Assets.xcassets in Resources */,
				4945A2A52CEB6ECC00FF05DC /* SUIT-Bold.ttf in Resources */,
				4945A2A62CEB6ECC00FF05DC /* SUIT-Variable.ttf in Resources */,
				4945A2A72CEB6ECC00FF05DC /* YANGJIN.otf in Resources */,
			);
			runOnlyForDeploymentPostprocessing = 0;
		};
/* End PBXResourcesBuildPhase section */

/* Begin PBXSourcesBuildPhase section */
		49C5CF702CDE24D2001DD737 /* Sources */ = {
			isa = PBXSourcesBuildPhase;
			buildActionMask = 2147483647;
			files = (
				4945A2A82CEB6ECC00FF05DC /* DialogViewModifier.swift in Sources */,
				4945A2C92CEB73A700FF05DC /* HomeViewModel.swift in Sources */,
				4945A2A92CEB6ECC00FF05DC /* Color+.swift in Sources */,
				4945A2AA2CEB6ECC00FF05DC /* Font+.swift in Sources */,
				4945A2AB2CEB6ECC00FF05DC /* UINavigationController+.swift in Sources */,
				4945A2AC2CEB6ECC00FF05DC /* CalendarView.swift in Sources */,
				4945A2AD2CEB6ECC00FF05DC /* CallendarOptionView.swift in Sources */,
				4945A2AE2CEB6ECC00FF05DC /* ChooseTwoOptionsView.swift in Sources */,
				491A174A2CEC685C00C4666F /* PollContentOptionView.swift in Sources */,
				4945A2AF2CEB6ECC00FF05DC /* EnrollPollButton.swift in Sources */,
				4945A2B02CEB6ECC00FF05DC /* OptionBoxView.swift in Sources */,
				4945A2B12CEB6ECC00FF05DC /* PollItemView.swift in Sources */,
				4945A2B22CEB6ECC00FF05DC /* QuestionButton.swift in Sources */,
				4945A2B32CEB6ECC00FF05DC /* CreatePollContentGridView.swift in Sources */,
				4945A2B42CEB6ECC00FF05DC /* CreatePollView.swift in Sources */,
				4945A2B52CEB6ECC00FF05DC /* PollItemFocus.swift in Sources */,
				4945A2B62CEB6ECC00FF05DC /* PollChartView.swift in Sources */,
				4945A2B72CEB6ECC00FF05DC /* PollStateView.swift in Sources */,
				491A17482CEC66FD00C4666F /* PollContentWebStyle.swift in Sources */,
				4945A2B82CEB6ECC00FF05DC /* AllPollContent.swift in Sources */,
				4945A2B92CEB6ECC00FF05DC /* AllPollList.swift in Sources */,
				4945A2BA2CEB6ECC00FF05DC /* PollContent.swift in Sources */,
				4945A2BB2CEB6ECC00FF05DC /* PollList.swift in Sources */,
				4945A2BC2CEB6ECC00FF05DC /* SearchPollView.swift in Sources */,
				4945A2BD2CEB6ECC00FF05DC /* HomeView.swift in Sources */,
				4945A2BE2CEB6ECC00FF05DC /* OAuthLoginButton.swift in Sources */,
				4945A2BF2CEB6ECC00FF05DC /* LoginView.swift in Sources */,
				4945A2C02CEB6ECC00FF05DC /* CustomTabView.swift in Sources */,
				491A174C2CEC7EB100C4666F /* ThreeByTwoGridView.swift in Sources */,
				4945A2C12CEB6ECC00FF05DC /* CustomTabViewButton.swift in Sources */,
				4945A2C22CEB6ECC00FF05DC /* TitleView.swift in Sources */,
				4945A2C32CEB6ECC00FF05DC /* MainView.swift in Sources */,
				4945A2C42CEB6ECC00FF05DC /* MainViewModel.swift in Sources */,
				4945A2C52CEB6ECC00FF05DC /* MyPollView.swift in Sources */,
				4945A2C62CEB6ECC00FF05DC /* ContentView.swift in Sources */,
				4945A2C72CEB6ECC00FF05DC /* GollabaApp.swift in Sources */,
			);
			runOnlyForDeploymentPostprocessing = 0;
		};
/* End PBXSourcesBuildPhase section */

/* Begin XCBuildConfiguration section */
		49C5CF802CDE24D3001DD737 /* Debug */ = {
			isa = XCBuildConfiguration;
			buildSettings = {
				ALWAYS_SEARCH_USER_PATHS = NO;
				ASSETCATALOG_COMPILER_GENERATE_SWIFT_ASSET_SYMBOL_EXTENSIONS = YES;
				CLANG_ANALYZER_NONNULL = YES;
				CLANG_ANALYZER_NUMBER_OBJECT_CONVERSION = YES_AGGRESSIVE;
				CLANG_CXX_LANGUAGE_STANDARD = "gnu++20";
				CLANG_ENABLE_MODULES = YES;
				CLANG_ENABLE_OBJC_ARC = YES;
				CLANG_ENABLE_OBJC_WEAK = YES;
				CLANG_WARN_BLOCK_CAPTURE_AUTORELEASING = YES;
				CLANG_WARN_BOOL_CONVERSION = YES;
				CLANG_WARN_COMMA = YES;
				CLANG_WARN_CONSTANT_CONVERSION = YES;
				CLANG_WARN_DEPRECATED_OBJC_IMPLEMENTATIONS = YES;
				CLANG_WARN_DIRECT_OBJC_ISA_USAGE = YES_ERROR;
				CLANG_WARN_DOCUMENTATION_COMMENTS = YES;
				CLANG_WARN_EMPTY_BODY = YES;
				CLANG_WARN_ENUM_CONVERSION = YES;
				CLANG_WARN_INFINITE_RECURSION = YES;
				CLANG_WARN_INT_CONVERSION = YES;
				CLANG_WARN_NON_LITERAL_NULL_CONVERSION = YES;
				CLANG_WARN_OBJC_IMPLICIT_RETAIN_SELF = YES;
				CLANG_WARN_OBJC_LITERAL_CONVERSION = YES;
				CLANG_WARN_OBJC_ROOT_CLASS = YES_ERROR;
				CLANG_WARN_QUOTED_INCLUDE_IN_FRAMEWORK_HEADER = YES;
				CLANG_WARN_RANGE_LOOP_ANALYSIS = YES;
				CLANG_WARN_STRICT_PROTOTYPES = YES;
				CLANG_WARN_SUSPICIOUS_MOVE = YES;
				CLANG_WARN_UNGUARDED_AVAILABILITY = YES_AGGRESSIVE;
				CLANG_WARN_UNREACHABLE_CODE = YES;
				CLANG_WARN__DUPLICATE_METHOD_MATCH = YES;
				COPY_PHASE_STRIP = NO;
				DEBUG_INFORMATION_FORMAT = dwarf;
				ENABLE_STRICT_OBJC_MSGSEND = YES;
				ENABLE_TESTABILITY = YES;
				ENABLE_USER_SCRIPT_SANDBOXING = YES;
				GCC_C_LANGUAGE_STANDARD = gnu17;
				GCC_DYNAMIC_NO_PIC = NO;
				GCC_NO_COMMON_BLOCKS = YES;
				GCC_OPTIMIZATION_LEVEL = 0;
				GCC_PREPROCESSOR_DEFINITIONS = (
					"DEBUG=1",
					"$(inherited)",
				);
				GCC_WARN_64_TO_32_BIT_CONVERSION = YES;
				GCC_WARN_ABOUT_RETURN_TYPE = YES_ERROR;
				GCC_WARN_UNDECLARED_SELECTOR = YES;
				GCC_WARN_UNINITIALIZED_AUTOS = YES_AGGRESSIVE;
				GCC_WARN_UNUSED_FUNCTION = YES;
				GCC_WARN_UNUSED_VARIABLE = YES;
				IPHONEOS_DEPLOYMENT_TARGET = 18.0;
				LOCALIZATION_PREFERS_STRING_CATALOGS = YES;
				MTL_ENABLE_DEBUG_INFO = INCLUDE_SOURCE;
				MTL_FAST_MATH = YES;
				ONLY_ACTIVE_ARCH = YES;
				SDKROOT = iphoneos;
				SWIFT_ACTIVE_COMPILATION_CONDITIONS = "DEBUG $(inherited)";
				SWIFT_OPTIMIZATION_LEVEL = "-Onone";
			};
			name = Debug;
		};
		49C5CF812CDE24D3001DD737 /* Release */ = {
			isa = XCBuildConfiguration;
			buildSettings = {
				ALWAYS_SEARCH_USER_PATHS = NO;
				ASSETCATALOG_COMPILER_GENERATE_SWIFT_ASSET_SYMBOL_EXTENSIONS = YES;
				CLANG_ANALYZER_NONNULL = YES;
				CLANG_ANALYZER_NUMBER_OBJECT_CONVERSION = YES_AGGRESSIVE;
				CLANG_CXX_LANGUAGE_STANDARD = "gnu++20";
				CLANG_ENABLE_MODULES = YES;
				CLANG_ENABLE_OBJC_ARC = YES;
				CLANG_ENABLE_OBJC_WEAK = YES;
				CLANG_WARN_BLOCK_CAPTURE_AUTORELEASING = YES;
				CLANG_WARN_BOOL_CONVERSION = YES;
				CLANG_WARN_COMMA = YES;
				CLANG_WARN_CONSTANT_CONVERSION = YES;
				CLANG_WARN_DEPRECATED_OBJC_IMPLEMENTATIONS = YES;
				CLANG_WARN_DIRECT_OBJC_ISA_USAGE = YES_ERROR;
				CLANG_WARN_DOCUMENTATION_COMMENTS = YES;
				CLANG_WARN_EMPTY_BODY = YES;
				CLANG_WARN_ENUM_CONVERSION = YES;
				CLANG_WARN_INFINITE_RECURSION = YES;
				CLANG_WARN_INT_CONVERSION = YES;
				CLANG_WARN_NON_LITERAL_NULL_CONVERSION = YES;
				CLANG_WARN_OBJC_IMPLICIT_RETAIN_SELF = YES;
				CLANG_WARN_OBJC_LITERAL_CONVERSION = YES;
				CLANG_WARN_OBJC_ROOT_CLASS = YES_ERROR;
				CLANG_WARN_QUOTED_INCLUDE_IN_FRAMEWORK_HEADER = YES;
				CLANG_WARN_RANGE_LOOP_ANALYSIS = YES;
				CLANG_WARN_STRICT_PROTOTYPES = YES;
				CLANG_WARN_SUSPICIOUS_MOVE = YES;
				CLANG_WARN_UNGUARDED_AVAILABILITY = YES_AGGRESSIVE;
				CLANG_WARN_UNREACHABLE_CODE = YES;
				CLANG_WARN__DUPLICATE_METHOD_MATCH = YES;
				COPY_PHASE_STRIP = NO;
				DEBUG_INFORMATION_FORMAT = "dwarf-with-dsym";
				ENABLE_NS_ASSERTIONS = NO;
				ENABLE_STRICT_OBJC_MSGSEND = YES;
				ENABLE_USER_SCRIPT_SANDBOXING = YES;
				GCC_C_LANGUAGE_STANDARD = gnu17;
				GCC_NO_COMMON_BLOCKS = YES;
				GCC_WARN_64_TO_32_BIT_CONVERSION = YES;
				GCC_WARN_ABOUT_RETURN_TYPE = YES_ERROR;
				GCC_WARN_UNDECLARED_SELECTOR = YES;
				GCC_WARN_UNINITIALIZED_AUTOS = YES_AGGRESSIVE;
				GCC_WARN_UNUSED_FUNCTION = YES;
				GCC_WARN_UNUSED_VARIABLE = YES;
				IPHONEOS_DEPLOYMENT_TARGET = 18.0;
				LOCALIZATION_PREFERS_STRING_CATALOGS = YES;
				MTL_ENABLE_DEBUG_INFO = NO;
				MTL_FAST_MATH = YES;
				SDKROOT = iphoneos;
				SWIFT_COMPILATION_MODE = wholemodule;
				VALIDATE_PRODUCT = YES;
			};
			name = Release;
		};
		49C5CF832CDE24D3001DD737 /* Debug */ = {
			isa = XCBuildConfiguration;
			buildSettings = {
				ASSETCATALOG_COMPILER_APPICON_NAME = AppIcon;
				ASSETCATALOG_COMPILER_GLOBAL_ACCENT_COLOR_NAME = AccentColor;
				CODE_SIGN_STYLE = Automatic;
				CURRENT_PROJECT_VERSION = 1;
				DEVELOPMENT_ASSET_PATHS = "\"Gollaba/Preview Content\"";
				DEVELOPMENT_TEAM = 697ACQDW6C;
				ENABLE_PREVIEWS = YES;
				GENERATE_INFOPLIST_FILE = YES;
				INFOPLIST_FILE = Gollaba/Info.plist;
				INFOPLIST_KEY_UIApplicationSceneManifest_Generation = YES;
				INFOPLIST_KEY_UIApplicationSupportsIndirectInputEvents = YES;
				INFOPLIST_KEY_UILaunchScreen_Generation = YES;
				INFOPLIST_KEY_UISupportedInterfaceOrientations_iPad = "UIInterfaceOrientationPortrait UIInterfaceOrientationPortraitUpsideDown UIInterfaceOrientationLandscapeLeft UIInterfaceOrientationLandscapeRight";
				INFOPLIST_KEY_UISupportedInterfaceOrientations_iPhone = "UIInterfaceOrientationPortrait UIInterfaceOrientationLandscapeLeft UIInterfaceOrientationLandscapeRight";
				LD_RUNPATH_SEARCH_PATHS = (
					"$(inherited)",
					"@executable_path/Frameworks",
				);
				MARKETING_VERSION = 1.0;
				PRODUCT_BUNDLE_IDENTIFIER = com.kihyeon.Gollaba;
				PRODUCT_NAME = "$(TARGET_NAME)";
				SWIFT_EMIT_LOC_STRINGS = YES;
				SWIFT_VERSION = 5.0;
				TARGETED_DEVICE_FAMILY = "1,2";
			};
			name = Debug;
		};
		49C5CF842CDE24D3001DD737 /* Release */ = {
			isa = XCBuildConfiguration;
			buildSettings = {
				ASSETCATALOG_COMPILER_APPICON_NAME = AppIcon;
				ASSETCATALOG_COMPILER_GLOBAL_ACCENT_COLOR_NAME = AccentColor;
				CODE_SIGN_STYLE = Automatic;
				CURRENT_PROJECT_VERSION = 1;
				DEVELOPMENT_ASSET_PATHS = "\"Gollaba/Preview Content\"";
				DEVELOPMENT_TEAM = 697ACQDW6C;
				ENABLE_PREVIEWS = YES;
				GENERATE_INFOPLIST_FILE = YES;
				INFOPLIST_FILE = Gollaba/Info.plist;
				INFOPLIST_KEY_UIApplicationSceneManifest_Generation = YES;
				INFOPLIST_KEY_UIApplicationSupportsIndirectInputEvents = YES;
				INFOPLIST_KEY_UILaunchScreen_Generation = YES;
				INFOPLIST_KEY_UISupportedInterfaceOrientations_iPad = "UIInterfaceOrientationPortrait UIInterfaceOrientationPortraitUpsideDown UIInterfaceOrientationLandscapeLeft UIInterfaceOrientationLandscapeRight";
				INFOPLIST_KEY_UISupportedInterfaceOrientations_iPhone = "UIInterfaceOrientationPortrait UIInterfaceOrientationLandscapeLeft UIInterfaceOrientationLandscapeRight";
				LD_RUNPATH_SEARCH_PATHS = (
					"$(inherited)",
					"@executable_path/Frameworks",
				);
				MARKETING_VERSION = 1.0;
				PRODUCT_BUNDLE_IDENTIFIER = com.kihyeon.Gollaba;
				PRODUCT_NAME = "$(TARGET_NAME)";
				SWIFT_EMIT_LOC_STRINGS = YES;
				SWIFT_VERSION = 5.0;
				TARGETED_DEVICE_FAMILY = "1,2";
			};
			name = Release;
		};
/* End XCBuildConfiguration section */

/* Begin XCConfigurationList section */
		49C5CF6F2CDE24D2001DD737 /* Build configuration list for PBXProject "Gollaba" */ = {
			isa = XCConfigurationList;
			buildConfigurations = (
				49C5CF802CDE24D3001DD737 /* Debug */,
				49C5CF812CDE24D3001DD737 /* Release */,
			);
			defaultConfigurationIsVisible = 0;
			defaultConfigurationName = Release;
		};
		49C5CF822CDE24D3001DD737 /* Build configuration list for PBXNativeTarget "Gollaba" */ = {
			isa = XCConfigurationList;
			buildConfigurations = (
				49C5CF832CDE24D3001DD737 /* Debug */,
				49C5CF842CDE24D3001DD737 /* Release */,
			);
			defaultConfigurationIsVisible = 0;
			defaultConfigurationName = Release;
		};
/* End XCConfigurationList section */

/* Begin XCRemoteSwiftPackageReference section */
		491A17132CEB85EF00C4666F /* XCRemoteSwiftPackageReference "Kingfisher" */ = {
			isa = XCRemoteSwiftPackageReference;
			repositoryURL = "https://github.com/onevcat/Kingfisher";
			requirement = {
				kind = upToNextMajorVersion;
				minimumVersion = 8.1.0;
			};
		};
/* End XCRemoteSwiftPackageReference section */

/* Begin XCSwiftPackageProductDependency section */
		491A17142CEB85EF00C4666F /* Kingfisher */ = {
			isa = XCSwiftPackageProductDependency;
			package = 491A17132CEB85EF00C4666F /* XCRemoteSwiftPackageReference "Kingfisher" */;
			productName = Kingfisher;
		};
/* End XCSwiftPackageProductDependency section */
	};
	rootObject = 49C5CF6C2CDE24D2001DD737 /* Project object */;
}
