// !$*UTF8*$!
{
	archiveVersion = 1;
	classes = {
	};
	objectVersion = 77;
	objects = {

/* Begin PBXBuildFile section */
		490CE2152D3E24E100D67E6D /* NotificationView.swift in Sources */ = {isa = PBXBuildFile; fileRef = 490CE2142D3E24E100D67E6D /* NotificationView.swift */; };
		490CE2182D3E24F800D67E6D /* SettingView.swift in Sources */ = {isa = PBXBuildFile; fileRef = 490CE2172D3E24F800D67E6D /* SettingView.swift */; };
		490CE21B2D3FC34A00D67E6D /* NotificationContentView.swift in Sources */ = {isa = PBXBuildFile; fileRef = 490CE21A2D3FC34A00D67E6D /* NotificationContentView.swift */; };
		490CE21D2D40B60B00D67E6D /* SettingViewModel.swift in Sources */ = {isa = PBXBuildFile; fileRef = 490CE21C2D40B60B00D67E6D /* SettingViewModel.swift */; };
		491A17152CEB85EF00C4666F /* Kingfisher in Frameworks */ = {isa = PBXBuildFile; productRef = 491A17142CEB85EF00C4666F /* Kingfisher */; };
		491A17482CEC66FD00C4666F /* PollContentView.swift in Sources */ = {isa = PBXBuildFile; fileRef = 491A17472CEC66FD00C4666F /* PollContentView.swift */; };
		491A174A2CEC685C00C4666F /* PollContentOptionView.swift in Sources */ = {isa = PBXBuildFile; fileRef = 491A17492CEC685C00C4666F /* PollContentOptionView.swift */; };
		491A174C2CEC7EB100C4666F /* ThreeByTwoGridView.swift in Sources */ = {isa = PBXBuildFile; fileRef = 491A174B2CEC7EB100C4666F /* ThreeByTwoGridView.swift */; };
		491A174E2CEC876700C4666F /* MyPollViewModel.swift in Sources */ = {isa = PBXBuildFile; fileRef = 491A174D2CEC876400C4666F /* MyPollViewModel.swift */; };
		492ABF0D2D0886FB0051380C /* ScaleOnPressStyle.swift in Sources */ = {isa = PBXBuildFile; fileRef = 492ABF0C2D0886FB0051380C /* ScaleOnPressStyle.swift */; };
		4945A2A22CEB6ECC00FF05DC /* Preview Assets.xcassets in Resources */ = {isa = PBXBuildFile; fileRef = 4945A2722CEB6ECC00FF05DC /* Preview Assets.xcassets */; };
		4945A2A32CEB6ECC00FF05DC /* Assets.xcassets in Resources */ = {isa = PBXBuildFile; fileRef = 4945A29A2CEB6ECC00FF05DC /* Assets.xcassets */; };
		4945A2A52CEB6ECC00FF05DC /* SUIT-Bold.ttf in Resources */ = {isa = PBXBuildFile; fileRef = 4945A29E2CEB6ECC00FF05DC /* SUIT-Bold.ttf */; };
		4945A2A62CEB6ECC00FF05DC /* SUIT-Variable.ttf in Resources */ = {isa = PBXBuildFile; fileRef = 4945A29F2CEB6ECC00FF05DC /* SUIT-Variable.ttf */; };
		4945A2A72CEB6ECC00FF05DC /* YANGJIN.otf in Resources */ = {isa = PBXBuildFile; fileRef = 4945A2A02CEB6ECC00FF05DC /* YANGJIN.otf */; };
		4945A2A92CEB6ECC00FF05DC /* Color+.swift in Sources */ = {isa = PBXBuildFile; fileRef = 4945A26E2CEB6ECC00FF05DC /* Color+.swift */; };
		4945A2AA2CEB6ECC00FF05DC /* Font+.swift in Sources */ = {isa = PBXBuildFile; fileRef = 4945A26F2CEB6ECC00FF05DC /* Font+.swift */; };
		4945A2AB2CEB6ECC00FF05DC /* UINavigationController+.swift in Sources */ = {isa = PBXBuildFile; fileRef = 4945A2702CEB6ECC00FF05DC /* UINavigationController+.swift */; };
		4945A2AC2CEB6ECC00FF05DC /* CalendarView.swift in Sources */ = {isa = PBXBuildFile; fileRef = 4945A2742CEB6ECC00FF05DC /* CalendarView.swift */; };
		4945A2AD2CEB6ECC00FF05DC /* CallendarOptionView.swift in Sources */ = {isa = PBXBuildFile; fileRef = 4945A2752CEB6ECC00FF05DC /* CallendarOptionView.swift */; };
		4945A2AE2CEB6ECC00FF05DC /* ChooseTwoOptionsView.swift in Sources */ = {isa = PBXBuildFile; fileRef = 4945A2762CEB6ECC00FF05DC /* ChooseTwoOptionsView.swift */; };
		4945A2AF2CEB6ECC00FF05DC /* EnrollPollButton.swift in Sources */ = {isa = PBXBuildFile; fileRef = 4945A2772CEB6ECC00FF05DC /* EnrollPollButton.swift */; };
		4945A2B02CEB6ECC00FF05DC /* OptionBoxView.swift in Sources */ = {isa = PBXBuildFile; fileRef = 4945A2782CEB6ECC00FF05DC /* OptionBoxView.swift */; };
		4945A2B12CEB6ECC00FF05DC /* PollItemView.swift in Sources */ = {isa = PBXBuildFile; fileRef = 4945A2792CEB6ECC00FF05DC /* PollItemView.swift */; };
		4945A2B22CEB6ECC00FF05DC /* QuestionButton.swift in Sources */ = {isa = PBXBuildFile; fileRef = 4945A27A2CEB6ECC00FF05DC /* QuestionButton.swift */; };
		4945A2B32CEB6ECC00FF05DC /* CreatePollContentGridView.swift in Sources */ = {isa = PBXBuildFile; fileRef = 4945A27B2CEB6ECC00FF05DC /* CreatePollContentGridView.swift */; };
		4945A2B42CEB6ECC00FF05DC /* CreatePollView.swift in Sources */ = {isa = PBXBuildFile; fileRef = 4945A27D2CEB6ECC00FF05DC /* CreatePollView.swift */; };
		4945A2B52CEB6ECC00FF05DC /* CreatePollViewModel.swift in Sources */ = {isa = PBXBuildFile; fileRef = 4945A27E2CEB6ECC00FF05DC /* CreatePollViewModel.swift */; };
		4945A2B62CEB6ECC00FF05DC /* PollChartView.swift in Sources */ = {isa = PBXBuildFile; fileRef = 4945A2802CEB6ECC00FF05DC /* PollChartView.swift */; };
		4945A2B72CEB6ECC00FF05DC /* PollStateView.swift in Sources */ = {isa = PBXBuildFile; fileRef = 4945A2812CEB6ECC00FF05DC /* PollStateView.swift */; };
		4945A2B92CEB6ECC00FF05DC /* VerticalPollList.swift in Sources */ = {isa = PBXBuildFile; fileRef = 4945A2842CEB6ECC00FF05DC /* VerticalPollList.swift */; };
		4945A2BB2CEB6ECC00FF05DC /* HorizontalPollList.swift in Sources */ = {isa = PBXBuildFile; fileRef = 4945A2862CEB6ECC00FF05DC /* HorizontalPollList.swift */; };
		4945A2BC2CEB6ECC00FF05DC /* SearchPollView.swift in Sources */ = {isa = PBXBuildFile; fileRef = 4945A2882CEB6ECC00FF05DC /* SearchPollView.swift */; };
		4945A2BD2CEB6ECC00FF05DC /* HomeView.swift in Sources */ = {isa = PBXBuildFile; fileRef = 4945A28A2CEB6ECC00FF05DC /* HomeView.swift */; };
		4945A2BE2CEB6ECC00FF05DC /* OAuthLoginButton.swift in Sources */ = {isa = PBXBuildFile; fileRef = 4945A28C2CEB6ECC00FF05DC /* OAuthLoginButton.swift */; };
		4945A2BF2CEB6ECC00FF05DC /* LoginView.swift in Sources */ = {isa = PBXBuildFile; fileRef = 4945A28E2CEB6ECC00FF05DC /* LoginView.swift */; };
		4945A2C02CEB6ECC00FF05DC /* CustomTabView.swift in Sources */ = {isa = PBXBuildFile; fileRef = 4945A2902CEB6ECC00FF05DC /* CustomTabView.swift */; };
		4945A2C12CEB6ECC00FF05DC /* CustomTabViewButton.swift in Sources */ = {isa = PBXBuildFile; fileRef = 4945A2912CEB6ECC00FF05DC /* CustomTabViewButton.swift */; };
		4945A2C22CEB6ECC00FF05DC /* TitleView.swift in Sources */ = {isa = PBXBuildFile; fileRef = 4945A2922CEB6ECC00FF05DC /* TitleView.swift */; };
		4945A2C32CEB6ECC00FF05DC /* MainView.swift in Sources */ = {isa = PBXBuildFile; fileRef = 4945A2942CEB6ECC00FF05DC /* MainView.swift */; };
		4945A2C42CEB6ECC00FF05DC /* MainViewModel.swift in Sources */ = {isa = PBXBuildFile; fileRef = 4945A2952CEB6ECC00FF05DC /* MainViewModel.swift */; };
		4945A2C52CEB6ECC00FF05DC /* MyPollView.swift in Sources */ = {isa = PBXBuildFile; fileRef = 4945A2972CEB6ECC00FF05DC /* MyPollView.swift */; };
		4945A2C62CEB6ECC00FF05DC /* ContentView.swift in Sources */ = {isa = PBXBuildFile; fileRef = 4945A29B2CEB6ECC00FF05DC /* ContentView.swift */; };
		4945A2C72CEB6ECC00FF05DC /* GollabaApp.swift in Sources */ = {isa = PBXBuildFile; fileRef = 4945A29C2CEB6ECC00FF05DC /* GollabaApp.swift */; };
		4945A2C92CEB73A700FF05DC /* HomeViewModel.swift in Sources */ = {isa = PBXBuildFile; fileRef = 4945A2C82CEB73A200FF05DC /* HomeViewModel.swift */; };
		497DDF9F2CF83622008A8534 /* PollContentOptionItemView.swift in Sources */ = {isa = PBXBuildFile; fileRef = 497DDF9E2CF83622008A8534 /* PollContentOptionItemView.swift */; };
		497DDFBB2CFC1FA8008A8534 /* View+Shimmer.swift in Sources */ = {isa = PBXBuildFile; fileRef = 497DDFBA2CFC1FA8008A8534 /* View+Shimmer.swift */; };
		497DDFBD2CFC2036008A8534 /* ShimmerView.swift in Sources */ = {isa = PBXBuildFile; fileRef = 497DDFBC2CFC2036008A8534 /* ShimmerView.swift */; };
		497DDFBF2CFD99F6008A8534 /* ClearableTextFieldView.swift in Sources */ = {isa = PBXBuildFile; fileRef = 497DDFBE2CFD99F6008A8534 /* ClearableTextFieldView.swift */; };
		49AA4DA92D213DF40068102F /* ProfileImageView.swift in Sources */ = {isa = PBXBuildFile; fileRef = 49AA4D9F2D213DF40068102F /* ProfileImageView.swift */; };
		49AA4DB62D225BDE0068102F /* GoogleService-Info.plist in Resources */ = {isa = PBXBuildFile; fileRef = 49AA4DB52D225BDE0068102F /* GoogleService-Info.plist */; };
		49AA4DB92D225C520068102F /* FirebaseAnalytics in Frameworks */ = {isa = PBXBuildFile; productRef = 49AA4DB82D225C520068102F /* FirebaseAnalytics */; };
		49AA4DBB2D225C520068102F /* FirebaseMessaging in Frameworks */ = {isa = PBXBuildFile; productRef = 49AA4DBA2D225C520068102F /* FirebaseMessaging */; };
		49AA4DC02D23C1DC0068102F /* HorizontalPollContentView.swift in Sources */ = {isa = PBXBuildFile; fileRef = 49AA4DBF2D23C1DC0068102F /* HorizontalPollContentView.swift */; };
		49AA4DC42D240F800068102F /* HomeDividerView.swift in Sources */ = {isa = PBXBuildFile; fileRef = 49AA4DC32D240F800068102F /* HomeDividerView.swift */; };
		49AA4DC62D2415300068102F /* FavoritesButton.swift in Sources */ = {isa = PBXBuildFile; fileRef = 49AA4DC52D2415300068102F /* FavoritesButton.swift */; };
		49AA4DC82D2516F90068102F /* SpecialSearchContentView.swift in Sources */ = {isa = PBXBuildFile; fileRef = 49AA4DC72D2516F90068102F /* SpecialSearchContentView.swift */; };
		49AA4DD22D2D4E470068102F /* RibbonShape.swift in Sources */ = {isa = PBXBuildFile; fileRef = 49AA4DD12D2D4E470068102F /* RibbonShape.swift */; };
		49AA4DD42D2D4F8C0068102F /* PollStateViewRibbonStyle.swift in Sources */ = {isa = PBXBuildFile; fileRef = 49AA4DD32D2D4F8C0068102F /* PollStateViewRibbonStyle.swift */; };
		49AA4E6A2D33E4D40068102F /* AppleLoginButton.swift in Sources */ = {isa = PBXBuildFile; fileRef = 49AA4E692D33E4D40068102F /* AppleLoginButton.swift */; };
		49AA4E8B2D352A530068102F /* TrendingKeywordList.swift in Sources */ = {isa = PBXBuildFile; fileRef = 49AA4E8A2D352A530068102F /* TrendingKeywordList.swift */; };
		49AA4E8D2D352D090068102F /* RecentSearchKeywordList.swift in Sources */ = {isa = PBXBuildFile; fileRef = 49AA4E8C2D352D090068102F /* RecentSearchKeywordList.swift */; };
		49C8A6762D0B06090030D648 /* SearchResultListView.swift in Sources */ = {isa = PBXBuildFile; fileRef = 49C8A6752D0B06090030D648 /* SearchResultListView.swift */; };
		49C8A6792D0B1EF80030D648 /* SearchResultListViewModel.swift in Sources */ = {isa = PBXBuildFile; fileRef = 49C8A6782D0B1EF80030D648 /* SearchResultListViewModel.swift */; };
		49C8A6992D1012D00030D648 /* LoginViewModel.swift in Sources */ = {isa = PBXBuildFile; fileRef = 49C8A6982D1012D00030D648 /* LoginViewModel.swift */; };
		49C8A69F2D10527C0030D648 /* SearchView.swift in Sources */ = {isa = PBXBuildFile; fileRef = 49C8A69E2D10527C0030D648 /* SearchView.swift */; };
		49C8A6A22D1052F70030D648 /* SearchViewModel.swift in Sources */ = {isa = PBXBuildFile; fileRef = 49C8A6A12D1052F70030D648 /* SearchViewModel.swift */; };
		49C8A6A52D1054630030D648 /* SearchFilterButton.swift in Sources */ = {isa = PBXBuildFile; fileRef = 49C8A6A42D1054630030D648 /* SearchFilterButton.swift */; };
		49C8A6A92D1056D70030D648 /* SearchFilterView.swift in Sources */ = {isa = PBXBuildFile; fileRef = 49C8A6A82D1056D70030D648 /* SearchFilterView.swift */; };
		49C8A6AB2D1057620030D648 /* SearchFilterContentView.swift in Sources */ = {isa = PBXBuildFile; fileRef = 49C8A6AA2D1057620030D648 /* SearchFilterContentView.swift */; };
		49C8A6AD2D11539F0030D648 /* SortingView.swift in Sources */ = {isa = PBXBuildFile; fileRef = 49C8A6AC2D11539F0030D648 /* SortingView.swift */; };
		49C8A6B12D11CCCD0030D648 /* OpenAndCloseButton.swift in Sources */ = {isa = PBXBuildFile; fileRef = 49C8A6B02D11CCCD0030D648 /* OpenAndCloseButton.swift */; };
		49C8A6D92D157B590030D648 /* RecentSearchKeywordView.swift in Sources */ = {isa = PBXBuildFile; fileRef = 49C8A6D82D157B590030D648 /* RecentSearchKeywordView.swift */; };
		49C8A6DB2D1937B80030D648 /* GoToSearchView.swift in Sources */ = {isa = PBXBuildFile; fileRef = 49C8A6DA2D1937B80030D648 /* GoToSearchView.swift */; };
		49C8A6E52D2064120030D648 /* String+.swift in Sources */ = {isa = PBXBuildFile; fileRef = 49C8A6E42D2064120030D648 /* String+.swift */; };
		49FEE25E2CF22712000991DB /* TimePickerView.swift in Sources */ = {isa = PBXBuildFile; fileRef = 49FEE25D2CF22712000991DB /* TimePickerView.swift */; };
		49FEE2602CF229AD000991DB /* TimerOptionView.swift in Sources */ = {isa = PBXBuildFile; fileRef = 49FEE25F2CF229AD000991DB /* TimerOptionView.swift */; };
		49FEE2682CF322D5000991DB /* KakaoSDKAuth in Frameworks */ = {isa = PBXBuildFile; productRef = 49FEE2672CF322D5000991DB /* KakaoSDKAuth */; };
		49FEE26A2CF322D5000991DB /* KakaoSDKCommon in Frameworks */ = {isa = PBXBuildFile; productRef = 49FEE2692CF322D5000991DB /* KakaoSDKCommon */; };
		49FEE26C2CF322D5000991DB /* KakaoSDKUser in Frameworks */ = {isa = PBXBuildFile; productRef = 49FEE26B2CF322D5000991DB /* KakaoSDKUser */; };
		49FEE2702CF323EA000991DB /* Config.xcconfig in Resources */ = {isa = PBXBuildFile; fileRef = 49FEE26F2CF323EA000991DB /* Config.xcconfig */; };
		CEDA9DE9718C1056720DA3A8 /* Pods_Gollaba.framework in Frameworks */ = {isa = PBXBuildFile; fileRef = CD7BF02B2CDC532B3FC87184 /* Pods_Gollaba.framework */; };
/* End PBXBuildFile section */

/* Begin PBXFileReference section */
		490CE2142D3E24E100D67E6D /* NotificationView.swift */ = {isa = PBXFileReference; lastKnownFileType = sourcecode.swift; path = NotificationView.swift; sourceTree = "<group>"; };
		490CE2172D3E24F800D67E6D /* SettingView.swift */ = {isa = PBXFileReference; lastKnownFileType = sourcecode.swift; path = SettingView.swift; sourceTree = "<group>"; };
		490CE21A2D3FC34A00D67E6D /* NotificationContentView.swift */ = {isa = PBXFileReference; lastKnownFileType = sourcecode.swift; path = NotificationContentView.swift; sourceTree = "<group>"; };
		490CE21C2D40B60B00D67E6D /* SettingViewModel.swift */ = {isa = PBXFileReference; lastKnownFileType = sourcecode.swift; path = SettingViewModel.swift; sourceTree = "<group>"; };
		491A17472CEC66FD00C4666F /* PollContentView.swift */ = {isa = PBXFileReference; lastKnownFileType = sourcecode.swift; path = PollContentView.swift; sourceTree = "<group>"; };
		491A17492CEC685C00C4666F /* PollContentOptionView.swift */ = {isa = PBXFileReference; lastKnownFileType = sourcecode.swift; path = PollContentOptionView.swift; sourceTree = "<group>"; };
		491A174B2CEC7EB100C4666F /* ThreeByTwoGridView.swift */ = {isa = PBXFileReference; lastKnownFileType = sourcecode.swift; path = ThreeByTwoGridView.swift; sourceTree = "<group>"; };
		491A174D2CEC876400C4666F /* MyPollViewModel.swift */ = {isa = PBXFileReference; lastKnownFileType = sourcecode.swift; path = MyPollViewModel.swift; sourceTree = "<group>"; };
		492ABF0C2D0886FB0051380C /* ScaleOnPressStyle.swift */ = {isa = PBXFileReference; lastKnownFileType = sourcecode.swift; path = ScaleOnPressStyle.swift; sourceTree = "<group>"; };
		4945A26E2CEB6ECC00FF05DC /* Color+.swift */ = {isa = PBXFileReference; lastKnownFileType = sourcecode.swift; path = "Color+.swift"; sourceTree = "<group>"; };
		4945A26F2CEB6ECC00FF05DC /* Font+.swift */ = {isa = PBXFileReference; lastKnownFileType = sourcecode.swift; path = "Font+.swift"; sourceTree = "<group>"; };
		4945A2702CEB6ECC00FF05DC /* UINavigationController+.swift */ = {isa = PBXFileReference; lastKnownFileType = sourcecode.swift; path = "UINavigationController+.swift"; sourceTree = "<group>"; };
		4945A2722CEB6ECC00FF05DC /* Preview Assets.xcassets */ = {isa = PBXFileReference; lastKnownFileType = folder.assetcatalog; path = "Preview Assets.xcassets"; sourceTree = "<group>"; };
		4945A2742CEB6ECC00FF05DC /* CalendarView.swift */ = {isa = PBXFileReference; lastKnownFileType = sourcecode.swift; path = CalendarView.swift; sourceTree = "<group>"; };
		4945A2752CEB6ECC00FF05DC /* CallendarOptionView.swift */ = {isa = PBXFileReference; lastKnownFileType = sourcecode.swift; path = CallendarOptionView.swift; sourceTree = "<group>"; };
		4945A2762CEB6ECC00FF05DC /* ChooseTwoOptionsView.swift */ = {isa = PBXFileReference; lastKnownFileType = sourcecode.swift; path = ChooseTwoOptionsView.swift; sourceTree = "<group>"; };
		4945A2772CEB6ECC00FF05DC /* EnrollPollButton.swift */ = {isa = PBXFileReference; lastKnownFileType = sourcecode.swift; path = EnrollPollButton.swift; sourceTree = "<group>"; };
		4945A2782CEB6ECC00FF05DC /* OptionBoxView.swift */ = {isa = PBXFileReference; lastKnownFileType = sourcecode.swift; path = OptionBoxView.swift; sourceTree = "<group>"; };
		4945A2792CEB6ECC00FF05DC /* PollItemView.swift */ = {isa = PBXFileReference; lastKnownFileType = sourcecode.swift; path = PollItemView.swift; sourceTree = "<group>"; };
		4945A27A2CEB6ECC00FF05DC /* QuestionButton.swift */ = {isa = PBXFileReference; lastKnownFileType = sourcecode.swift; path = QuestionButton.swift; sourceTree = "<group>"; };
		4945A27B2CEB6ECC00FF05DC /* CreatePollContentGridView.swift */ = {isa = PBXFileReference; lastKnownFileType = sourcecode.swift; path = CreatePollContentGridView.swift; sourceTree = "<group>"; };
		4945A27D2CEB6ECC00FF05DC /* CreatePollView.swift */ = {isa = PBXFileReference; lastKnownFileType = sourcecode.swift; path = CreatePollView.swift; sourceTree = "<group>"; };
		4945A27E2CEB6ECC00FF05DC /* CreatePollViewModel.swift */ = {isa = PBXFileReference; lastKnownFileType = sourcecode.swift; path = CreatePollViewModel.swift; sourceTree = "<group>"; };
		4945A2802CEB6ECC00FF05DC /* PollChartView.swift */ = {isa = PBXFileReference; lastKnownFileType = sourcecode.swift; path = PollChartView.swift; sourceTree = "<group>"; };
		4945A2812CEB6ECC00FF05DC /* PollStateView.swift */ = {isa = PBXFileReference; lastKnownFileType = sourcecode.swift; path = PollStateView.swift; sourceTree = "<group>"; };
		4945A2842CEB6ECC00FF05DC /* VerticalPollList.swift */ = {isa = PBXFileReference; lastKnownFileType = sourcecode.swift; path = VerticalPollList.swift; sourceTree = "<group>"; };
		4945A2862CEB6ECC00FF05DC /* HorizontalPollList.swift */ = {isa = PBXFileReference; lastKnownFileType = sourcecode.swift; path = HorizontalPollList.swift; sourceTree = "<group>"; };
		4945A2882CEB6ECC00FF05DC /* SearchPollView.swift */ = {isa = PBXFileReference; lastKnownFileType = sourcecode.swift; path = SearchPollView.swift; sourceTree = "<group>"; };
		4945A28A2CEB6ECC00FF05DC /* HomeView.swift */ = {isa = PBXFileReference; lastKnownFileType = sourcecode.swift; path = HomeView.swift; sourceTree = "<group>"; };
		4945A28C2CEB6ECC00FF05DC /* OAuthLoginButton.swift */ = {isa = PBXFileReference; lastKnownFileType = sourcecode.swift; path = OAuthLoginButton.swift; sourceTree = "<group>"; };
		4945A28E2CEB6ECC00FF05DC /* LoginView.swift */ = {isa = PBXFileReference; lastKnownFileType = sourcecode.swift; path = LoginView.swift; sourceTree = "<group>"; };
		4945A2902CEB6ECC00FF05DC /* CustomTabView.swift */ = {isa = PBXFileReference; lastKnownFileType = sourcecode.swift; path = CustomTabView.swift; sourceTree = "<group>"; };
		4945A2912CEB6ECC00FF05DC /* CustomTabViewButton.swift */ = {isa = PBXFileReference; lastKnownFileType = sourcecode.swift; path = CustomTabViewButton.swift; sourceTree = "<group>"; };
		4945A2922CEB6ECC00FF05DC /* TitleView.swift */ = {isa = PBXFileReference; lastKnownFileType = sourcecode.swift; path = TitleView.swift; sourceTree = "<group>"; };
		4945A2942CEB6ECC00FF05DC /* MainView.swift */ = {isa = PBXFileReference; lastKnownFileType = sourcecode.swift; path = MainView.swift; sourceTree = "<group>"; };
		4945A2952CEB6ECC00FF05DC /* MainViewModel.swift */ = {isa = PBXFileReference; lastKnownFileType = sourcecode.swift; path = MainViewModel.swift; sourceTree = "<group>"; };
		4945A2972CEB6ECC00FF05DC /* MyPollView.swift */ = {isa = PBXFileReference; lastKnownFileType = sourcecode.swift; path = MyPollView.swift; sourceTree = "<group>"; };
		4945A29A2CEB6ECC00FF05DC /* Assets.xcassets */ = {isa = PBXFileReference; lastKnownFileType = folder.assetcatalog; path = Assets.xcassets; sourceTree = "<group>"; };
		4945A29B2CEB6ECC00FF05DC /* ContentView.swift */ = {isa = PBXFileReference; lastKnownFileType = sourcecode.swift; path = ContentView.swift; sourceTree = "<group>"; };
		4945A29C2CEB6ECC00FF05DC /* GollabaApp.swift */ = {isa = PBXFileReference; lastKnownFileType = sourcecode.swift; path = GollabaApp.swift; sourceTree = "<group>"; };
		4945A29D2CEB6ECC00FF05DC /* Info.plist */ = {isa = PBXFileReference; lastKnownFileType = text.plist.xml; path = Info.plist; sourceTree = "<group>"; };
		4945A29E2CEB6ECC00FF05DC /* SUIT-Bold.ttf */ = {isa = PBXFileReference; lastKnownFileType = file; path = "SUIT-Bold.ttf"; sourceTree = "<group>"; };
		4945A29F2CEB6ECC00FF05DC /* SUIT-Variable.ttf */ = {isa = PBXFileReference; lastKnownFileType = file; path = "SUIT-Variable.ttf"; sourceTree = "<group>"; };
		4945A2A02CEB6ECC00FF05DC /* YANGJIN.otf */ = {isa = PBXFileReference; lastKnownFileType = file; path = YANGJIN.otf; sourceTree = "<group>"; };
		4945A2C82CEB73A200FF05DC /* HomeViewModel.swift */ = {isa = PBXFileReference; lastKnownFileType = sourcecode.swift; path = HomeViewModel.swift; sourceTree = "<group>"; };
		497DDF9E2CF83622008A8534 /* PollContentOptionItemView.swift */ = {isa = PBXFileReference; lastKnownFileType = sourcecode.swift; path = PollContentOptionItemView.swift; sourceTree = "<group>"; };
		497DDFBA2CFC1FA8008A8534 /* View+Shimmer.swift */ = {isa = PBXFileReference; lastKnownFileType = sourcecode.swift; path = "View+Shimmer.swift"; sourceTree = "<group>"; };
		497DDFBC2CFC2036008A8534 /* ShimmerView.swift */ = {isa = PBXFileReference; lastKnownFileType = sourcecode.swift; path = ShimmerView.swift; sourceTree = "<group>"; };
		497DDFBE2CFD99F6008A8534 /* ClearableTextFieldView.swift */ = {isa = PBXFileReference; lastKnownFileType = sourcecode.swift; path = ClearableTextFieldView.swift; sourceTree = "<group>"; };
		49AA4D9F2D213DF40068102F /* ProfileImageView.swift */ = {isa = PBXFileReference; lastKnownFileType = sourcecode.swift; path = ProfileImageView.swift; sourceTree = "<group>"; };
		49AA4DB52D225BDE0068102F /* GoogleService-Info.plist */ = {isa = PBXFileReference; lastKnownFileType = text.plist.xml; path = "GoogleService-Info.plist"; sourceTree = "<group>"; };
		49AA4DBC2D22613A0068102F /* Gollaba.entitlements */ = {isa = PBXFileReference; lastKnownFileType = text.plist.entitlements; path = Gollaba.entitlements; sourceTree = "<group>"; };
		49AA4DBF2D23C1DC0068102F /* HorizontalPollContentView.swift */ = {isa = PBXFileReference; lastKnownFileType = sourcecode.swift; path = HorizontalPollContentView.swift; sourceTree = "<group>"; };
		49AA4DC32D240F800068102F /* HomeDividerView.swift */ = {isa = PBXFileReference; lastKnownFileType = sourcecode.swift; path = HomeDividerView.swift; sourceTree = "<group>"; };
		49AA4DC52D2415300068102F /* FavoritesButton.swift */ = {isa = PBXFileReference; lastKnownFileType = sourcecode.swift; path = FavoritesButton.swift; sourceTree = "<group>"; };
		49AA4DC72D2516F90068102F /* SpecialSearchContentView.swift */ = {isa = PBXFileReference; lastKnownFileType = sourcecode.swift; path = SpecialSearchContentView.swift; sourceTree = "<group>"; };
		49AA4DD12D2D4E470068102F /* RibbonShape.swift */ = {isa = PBXFileReference; lastKnownFileType = sourcecode.swift; path = RibbonShape.swift; sourceTree = "<group>"; };
		49AA4DD32D2D4F8C0068102F /* PollStateViewRibbonStyle.swift */ = {isa = PBXFileReference; lastKnownFileType = sourcecode.swift; path = PollStateViewRibbonStyle.swift; sourceTree = "<group>"; };
		49AA4E692D33E4D40068102F /* AppleLoginButton.swift */ = {isa = PBXFileReference; lastKnownFileType = sourcecode.swift; path = AppleLoginButton.swift; sourceTree = "<group>"; };
		49AA4E8A2D352A530068102F /* TrendingKeywordList.swift */ = {isa = PBXFileReference; lastKnownFileType = sourcecode.swift; path = TrendingKeywordList.swift; sourceTree = "<group>"; };
		49AA4E8C2D352D090068102F /* RecentSearchKeywordList.swift */ = {isa = PBXFileReference; lastKnownFileType = sourcecode.swift; path = RecentSearchKeywordList.swift; sourceTree = "<group>"; };
		49C5CF742CDE24D2001DD737 /* Gollaba.app */ = {isa = PBXFileReference; explicitFileType = wrapper.application; includeInIndex = 0; path = Gollaba.app; sourceTree = BUILT_PRODUCTS_DIR; };
		49C8A6752D0B06090030D648 /* SearchResultListView.swift */ = {isa = PBXFileReference; lastKnownFileType = sourcecode.swift; path = SearchResultListView.swift; sourceTree = "<group>"; };
		49C8A6782D0B1EF80030D648 /* SearchResultListViewModel.swift */ = {isa = PBXFileReference; lastKnownFileType = sourcecode.swift; path = SearchResultListViewModel.swift; sourceTree = "<group>"; };
		49C8A6982D1012D00030D648 /* LoginViewModel.swift */ = {isa = PBXFileReference; lastKnownFileType = sourcecode.swift; path = LoginViewModel.swift; sourceTree = "<group>"; };
		49C8A69E2D10527C0030D648 /* SearchView.swift */ = {isa = PBXFileReference; lastKnownFileType = sourcecode.swift; path = SearchView.swift; sourceTree = "<group>"; };
		49C8A6A12D1052F70030D648 /* SearchViewModel.swift */ = {isa = PBXFileReference; lastKnownFileType = sourcecode.swift; path = SearchViewModel.swift; sourceTree = "<group>"; };
		49C8A6A42D1054630030D648 /* SearchFilterButton.swift */ = {isa = PBXFileReference; lastKnownFileType = sourcecode.swift; path = SearchFilterButton.swift; sourceTree = "<group>"; };
		49C8A6A82D1056D70030D648 /* SearchFilterView.swift */ = {isa = PBXFileReference; lastKnownFileType = sourcecode.swift; path = SearchFilterView.swift; sourceTree = "<group>"; };
		49C8A6AA2D1057620030D648 /* SearchFilterContentView.swift */ = {isa = PBXFileReference; lastKnownFileType = sourcecode.swift; path = SearchFilterContentView.swift; sourceTree = "<group>"; };
		49C8A6AC2D11539F0030D648 /* SortingView.swift */ = {isa = PBXFileReference; lastKnownFileType = sourcecode.swift; path = SortingView.swift; sourceTree = "<group>"; };
		49C8A6B02D11CCCD0030D648 /* OpenAndCloseButton.swift */ = {isa = PBXFileReference; lastKnownFileType = sourcecode.swift; path = OpenAndCloseButton.swift; sourceTree = "<group>"; };
		49C8A6D82D157B590030D648 /* RecentSearchKeywordView.swift */ = {isa = PBXFileReference; lastKnownFileType = sourcecode.swift; path = RecentSearchKeywordView.swift; sourceTree = "<group>"; };
		49C8A6DA2D1937B80030D648 /* GoToSearchView.swift */ = {isa = PBXFileReference; lastKnownFileType = sourcecode.swift; path = GoToSearchView.swift; sourceTree = "<group>"; };
		49C8A6E42D2064120030D648 /* String+.swift */ = {isa = PBXFileReference; lastKnownFileType = sourcecode.swift; path = "String+.swift"; sourceTree = "<group>"; };
		49FEE25D2CF22712000991DB /* TimePickerView.swift */ = {isa = PBXFileReference; lastKnownFileType = sourcecode.swift; path = TimePickerView.swift; sourceTree = "<group>"; };
		49FEE25F2CF229AD000991DB /* TimerOptionView.swift */ = {isa = PBXFileReference; lastKnownFileType = sourcecode.swift; path = TimerOptionView.swift; sourceTree = "<group>"; };
		49FEE26F2CF323EA000991DB /* Config.xcconfig */ = {isa = PBXFileReference; lastKnownFileType = text.xcconfig; path = Config.xcconfig; sourceTree = "<group>"; };
		9A6E2B06621E1BC62D5C1EBE /* Pods-Gollaba.debug.xcconfig */ = {isa = PBXFileReference; includeInIndex = 1; lastKnownFileType = text.xcconfig; name = "Pods-Gollaba.debug.xcconfig"; path = "Target Support Files/Pods-Gollaba/Pods-Gollaba.debug.xcconfig"; sourceTree = "<group>"; };
		CD7BF02B2CDC532B3FC87184 /* Pods_Gollaba.framework */ = {isa = PBXFileReference; explicitFileType = wrapper.framework; includeInIndex = 0; path = Pods_Gollaba.framework; sourceTree = BUILT_PRODUCTS_DIR; };
		FD24353A156A87676EC58F53 /* Pods-Gollaba.release.xcconfig */ = {isa = PBXFileReference; includeInIndex = 1; lastKnownFileType = text.xcconfig; name = "Pods-Gollaba.release.xcconfig"; path = "Target Support Files/Pods-Gollaba/Pods-Gollaba.release.xcconfig"; sourceTree = "<group>"; };
/* End PBXFileReference section */

/* Begin PBXFileSystemSynchronizedRootGroup section */
		491A17512CEC8C2500C4666F /* CustomView */ = {
			isa = PBXFileSystemSynchronizedRootGroup;
			path = CustomView;
			sourceTree = "<group>";
		};
		4945A2CC2CEB741300FF05DC /* PollDetail */ = {
			isa = PBXFileSystemSynchronizedRootGroup;
			path = PollDetail;
			sourceTree = "<group>";
		};
		495248372CF772E5005EAABD /* Model */ = {
			isa = PBXFileSystemSynchronizedRootGroup;
			path = Model;
			sourceTree = "<group>";
		};
		497DDF9D2CF83526008A8534 /* Modifier */ = {
			isa = PBXFileSystemSynchronizedRootGroup;
			path = Modifier;
			sourceTree = "<group>";
		};
		497DDFDD2CFDF258008A8534 /* SignUp */ = {
			isa = PBXFileSystemSynchronizedRootGroup;
			path = SignUp;
			sourceTree = "<group>";
		};
		49C8A6D62D1569460030D648 /* Entity */ = {
			isa = PBXFileSystemSynchronizedRootGroup;
			path = Entity;
			sourceTree = "<group>";
		};
		49FEE24D2CEC95A6000991DB /* Manager */ = {
			isa = PBXFileSystemSynchronizedRootGroup;
			path = Manager;
			sourceTree = "<group>";
		};
/* End PBXFileSystemSynchronizedRootGroup section */

/* Begin PBXFrameworksBuildPhase section */
		49C5CF712CDE24D2001DD737 /* Frameworks */ = {
			isa = PBXFrameworksBuildPhase;
			buildActionMask = 2147483647;
			files = (
				49FEE26C2CF322D5000991DB /* KakaoSDKUser in Frameworks */,
				491A17152CEB85EF00C4666F /* Kingfisher in Frameworks */,
				49AA4DBB2D225C520068102F /* FirebaseMessaging in Frameworks */,
				49AA4DB92D225C520068102F /* FirebaseAnalytics in Frameworks */,
				49FEE26A2CF322D5000991DB /* KakaoSDKCommon in Frameworks */,
				49FEE2682CF322D5000991DB /* KakaoSDKAuth in Frameworks */,
				CEDA9DE9718C1056720DA3A8 /* Pods_Gollaba.framework in Frameworks */,
			);
			runOnlyForDeploymentPostprocessing = 0;
		};
/* End PBXFrameworksBuildPhase section */

/* Begin PBXGroup section */
		490CE2162D3E24E600D67E6D /* Notification */ = {
			isa = PBXGroup;
			children = (
				490CE21E2D40B61200D67E6D /* CusotmView */,
				490CE2142D3E24E100D67E6D /* NotificationView.swift */,
			);
			path = Notification;
			sourceTree = "<group>";
		};
		490CE2192D3E24FC00D67E6D /* Setting */ = {
			isa = PBXGroup;
			children = (
				490CE2172D3E24F800D67E6D /* SettingView.swift */,
				490CE21C2D40B60B00D67E6D /* SettingViewModel.swift */,
			);
			path = Setting;
			sourceTree = "<group>";
		};
		490CE21E2D40B61200D67E6D /* CusotmView */ = {
			isa = PBXGroup;
			children = (
				490CE21A2D3FC34A00D67E6D /* NotificationContentView.swift */,
			);
			path = CusotmView;
			sourceTree = "<group>";
		};
		4945A26D2CEB6ECC00FF05DC /* Common */ = {
			isa = PBXGroup;
			children = (
				4945A2802CEB6ECC00FF05DC /* PollChartView.swift */,
				491A174B2CEC7EB100C4666F /* ThreeByTwoGridView.swift */,
				497DDFBC2CFC2036008A8534 /* ShimmerView.swift */,
				492ABF0C2D0886FB0051380C /* ScaleOnPressStyle.swift */,
				497DDFBE2CFD99F6008A8534 /* ClearableTextFieldView.swift */,
				49C8A6B02D11CCCD0030D648 /* OpenAndCloseButton.swift */,
				4945A2782CEB6ECC00FF05DC /* OptionBoxView.swift */,
				49AA4DC52D2415300068102F /* FavoritesButton.swift */,
				49AA4DD12D2D4E470068102F /* RibbonShape.swift */,
				49AA4D9F2D213DF40068102F /* ProfileImageView.swift */,
			);
			path = Common;
			sourceTree = "<group>";
		};
		4945A2712CEB6ECC00FF05DC /* Extension */ = {
			isa = PBXGroup;
			children = (
				4945A26E2CEB6ECC00FF05DC /* Color+.swift */,
				4945A26F2CEB6ECC00FF05DC /* Font+.swift */,
				4945A2702CEB6ECC00FF05DC /* UINavigationController+.swift */,
				497DDFBA2CFC1FA8008A8534 /* View+Shimmer.swift */,
				49C8A6E42D2064120030D648 /* String+.swift */,
			);
			path = Extension;
			sourceTree = "<group>";
		};
		4945A2732CEB6ECC00FF05DC /* Preview Content */ = {
			isa = PBXGroup;
			children = (
				4945A2722CEB6ECC00FF05DC /* Preview Assets.xcassets */,
			);
			path = "Preview Content";
			sourceTree = "<group>";
		};
		4945A27C2CEB6ECC00FF05DC /* CustomView */ = {
			isa = PBXGroup;
			children = (
				49AA4E832D3527B00068102F /* PopUp */,
				49AA4E842D3527BA0068102F /* Date */,
				49AA4E862D3528730068102F /* Option */,
				49AA4E872D35287A0068102F /* Enroll */,
				49AA4E852D3528030068102F /* PollContent */,
				49AA4E882D3528860068102F /* CallPopUp */,
			);
			path = CustomView;
			sourceTree = "<group>";
		};
		4945A27F2CEB6ECC00FF05DC /* CreatePoll */ = {
			isa = PBXGroup;
			children = (
				4945A27C2CEB6ECC00FF05DC /* CustomView */,
				4945A27D2CEB6ECC00FF05DC /* CreatePollView.swift */,
				4945A27E2CEB6ECC00FF05DC /* CreatePollViewModel.swift */,
			);
			path = CreatePoll;
			sourceTree = "<group>";
		};
		4945A2822CEB6ECC00FF05DC /* ViewContent */ = {
			isa = PBXGroup;
			children = (
				4945A2812CEB6ECC00FF05DC /* PollStateView.swift */,
				49AA4DD32D2D4F8C0068102F /* PollStateViewRibbonStyle.swift */,
				491A17492CEC685C00C4666F /* PollContentOptionView.swift */,
				497DDF9E2CF83622008A8534 /* PollContentOptionItemView.swift */,
			);
			path = ViewContent;
			sourceTree = "<group>";
		};
		4945A2872CEB6ECC00FF05DC /* PollView */ = {
			isa = PBXGroup;
			children = (
				49AA4E762D34F5AA0068102F /* PollListView */,
				49AA4E772D34F5FF0068102F /* PollListContentView */,
			);
			path = PollView;
			sourceTree = "<group>";
		};
		4945A2892CEB6ECC00FF05DC /* CustomView */ = {
			isa = PBXGroup;
			children = (
				4945A2872CEB6ECC00FF05DC /* PollView */,
				4945A2822CEB6ECC00FF05DC /* ViewContent */,
				49AA4E782D34F63E0068102F /* ETCDesignView */,
			);
			path = CustomView;
			sourceTree = "<group>";
		};
		4945A28B2CEB6ECC00FF05DC /* Home */ = {
			isa = PBXGroup;
			children = (
				4945A2892CEB6ECC00FF05DC /* CustomView */,
				4945A28A2CEB6ECC00FF05DC /* HomeView.swift */,
				4945A2C82CEB73A200FF05DC /* HomeViewModel.swift */,
			);
			path = Home;
			sourceTree = "<group>";
		};
		4945A28D2CEB6ECC00FF05DC /* CustomView */ = {
			isa = PBXGroup;
			children = (
				4945A28C2CEB6ECC00FF05DC /* OAuthLoginButton.swift */,
				49AA4E692D33E4D40068102F /* AppleLoginButton.swift */,
			);
			path = CustomView;
			sourceTree = "<group>";
		};
		4945A28F2CEB6ECC00FF05DC /* Login */ = {
			isa = PBXGroup;
			children = (
				4945A28D2CEB6ECC00FF05DC /* CustomView */,
				4945A28E2CEB6ECC00FF05DC /* LoginView.swift */,
				49C8A6982D1012D00030D648 /* LoginViewModel.swift */,
			);
			path = Login;
			sourceTree = "<group>";
		};
		4945A2932CEB6ECC00FF05DC /* CustomView */ = {
			isa = PBXGroup;
			children = (
				49AA4E792D34F6C20068102F /* CustomTabView */,
				49AA4E7A2D34F6E20068102F /* TitleView */,
			);
			path = CustomView;
			sourceTree = "<group>";
		};
		4945A2962CEB6ECC00FF05DC /* Main */ = {
			isa = PBXGroup;
			children = (
				4945A2932CEB6ECC00FF05DC /* CustomView */,
				4945A2942CEB6ECC00FF05DC /* MainView.swift */,
				4945A2952CEB6ECC00FF05DC /* MainViewModel.swift */,
			);
			path = Main;
			sourceTree = "<group>";
		};
		4945A2982CEB6ECC00FF05DC /* MyPoll */ = {
			isa = PBXGroup;
			children = (
				491A17512CEC8C2500C4666F /* CustomView */,
				4945A2972CEB6ECC00FF05DC /* MyPollView.swift */,
				491A174D2CEC876400C4666F /* MyPollViewModel.swift */,
			);
			path = MyPoll;
			sourceTree = "<group>";
		};
		4945A2992CEB6ECC00FF05DC /* View */ = {
			isa = PBXGroup;
			children = (
				4945A2962CEB6ECC00FF05DC /* Main */,
				4945A28B2CEB6ECC00FF05DC /* Home */,
				49C8A6A02D1052890030D648 /* Search */,
				4945A27F2CEB6ECC00FF05DC /* CreatePoll */,
				4945A2982CEB6ECC00FF05DC /* MyPoll */,
				4945A28F2CEB6ECC00FF05DC /* Login */,
				497DDFDD2CFDF258008A8534 /* SignUp */,
				4945A2CC2CEB741300FF05DC /* PollDetail */,
				490CE2162D3E24E600D67E6D /* Notification */,
				490CE2192D3E24FC00D67E6D /* Setting */,
			);
			path = View;
			sourceTree = "<group>";
		};
		4945A2A12CEB6ECC00FF05DC /* Gollaba */ = {
			isa = PBXGroup;
			children = (
				49AA4DBC2D22613A0068102F /* Gollaba.entitlements */,
				49AA4DB52D225BDE0068102F /* GoogleService-Info.plist */,
				49C8A6D62D1569460030D648 /* Entity */,
				495248372CF772E5005EAABD /* Model */,
				49FEE24D2CEC95A6000991DB /* Manager */,
				497DDF9D2CF83526008A8534 /* Modifier */,
				4945A26D2CEB6ECC00FF05DC /* Common */,
				4945A2712CEB6ECC00FF05DC /* Extension */,
				4945A2732CEB6ECC00FF05DC /* Preview Content */,
				4945A2992CEB6ECC00FF05DC /* View */,
				4945A29A2CEB6ECC00FF05DC /* Assets.xcassets */,
				4945A29C2CEB6ECC00FF05DC /* GollabaApp.swift */,
				4945A29B2CEB6ECC00FF05DC /* ContentView.swift */,
				4945A29D2CEB6ECC00FF05DC /* Info.plist */,
				4945A29E2CEB6ECC00FF05DC /* SUIT-Bold.ttf */,
				4945A29F2CEB6ECC00FF05DC /* SUIT-Variable.ttf */,
				4945A2A02CEB6ECC00FF05DC /* YANGJIN.otf */,
				49FEE26F2CF323EA000991DB /* Config.xcconfig */,
			);
			path = Gollaba;
			sourceTree = "<group>";
		};
		49AA4E762D34F5AA0068102F /* PollListView */ = {
			isa = PBXGroup;
			children = (
				4945A2842CEB6ECC00FF05DC /* VerticalPollList.swift */,
				4945A2862CEB6ECC00FF05DC /* HorizontalPollList.swift */,
			);
			path = PollListView;
			sourceTree = "<group>";
		};
		49AA4E772D34F5FF0068102F /* PollListContentView */ = {
			isa = PBXGroup;
			children = (
				49AA4DBF2D23C1DC0068102F /* HorizontalPollContentView.swift */,
				491A17472CEC66FD00C4666F /* PollContentView.swift */,
			);
			path = PollListContentView;
			sourceTree = "<group>";
		};
		49AA4E782D34F63E0068102F /* ETCDesignView */ = {
			isa = PBXGroup;
			children = (
				49C8A6DA2D1937B80030D648 /* GoToSearchView.swift */,
				49AA4DC32D240F800068102F /* HomeDividerView.swift */,
			);
			path = ETCDesignView;
			sourceTree = "<group>";
		};
		49AA4E792D34F6C20068102F /* CustomTabView */ = {
			isa = PBXGroup;
			children = (
				4945A2902CEB6ECC00FF05DC /* CustomTabView.swift */,
				4945A2912CEB6ECC00FF05DC /* CustomTabViewButton.swift */,
			);
			path = CustomTabView;
			sourceTree = "<group>";
		};
		49AA4E7A2D34F6E20068102F /* TitleView */ = {
			isa = PBXGroup;
			children = (
				4945A2922CEB6ECC00FF05DC /* TitleView.swift */,
			);
			path = TitleView;
			sourceTree = "<group>";
		};
		49AA4E822D35279B0068102F /* Date */ = {
			isa = PBXGroup;
			children = (
				4945A2742CEB6ECC00FF05DC /* CalendarView.swift */,
				49FEE25D2CF22712000991DB /* TimePickerView.swift */,
			);
			path = Date;
			sourceTree = "<group>";
		};
		49AA4E832D3527B00068102F /* PopUp */ = {
			isa = PBXGroup;
			children = (
				49AA4E822D35279B0068102F /* Date */,
			);
			path = PopUp;
			sourceTree = "<group>";
		};
		49AA4E842D3527BA0068102F /* Date */ = {
			isa = PBXGroup;
			children = (
				49FEE25F2CF229AD000991DB /* TimerOptionView.swift */,
				4945A2752CEB6ECC00FF05DC /* CallendarOptionView.swift */,
			);
			path = Date;
			sourceTree = "<group>";
		};
		49AA4E852D3528030068102F /* PollContent */ = {
			isa = PBXGroup;
			children = (
				4945A2792CEB6ECC00FF05DC /* PollItemView.swift */,
				4945A27B2CEB6ECC00FF05DC /* CreatePollContentGridView.swift */,
			);
			path = PollContent;
			sourceTree = "<group>";
		};
		49AA4E862D3528730068102F /* Option */ = {
			isa = PBXGroup;
			children = (
				4945A2762CEB6ECC00FF05DC /* ChooseTwoOptionsView.swift */,
			);
			path = Option;
			sourceTree = "<group>";
		};
		49AA4E872D35287A0068102F /* Enroll */ = {
			isa = PBXGroup;
			children = (
				4945A2772CEB6ECC00FF05DC /* EnrollPollButton.swift */,
			);
			path = Enroll;
			sourceTree = "<group>";
		};
		49AA4E882D3528860068102F /* CallPopUp */ = {
			isa = PBXGroup;
			children = (
				4945A27A2CEB6ECC00FF05DC /* QuestionButton.swift */,
			);
			path = CallPopUp;
			sourceTree = "<group>";
		};
		49AA4E892D352A0B0068102F /* Filter */ = {
			isa = PBXGroup;
			children = (
				49C8A6A42D1054630030D648 /* SearchFilterButton.swift */,
				49C8A6A82D1056D70030D648 /* SearchFilterView.swift */,
				49C8A6AA2D1057620030D648 /* SearchFilterContentView.swift */,
				49C8A6AC2D11539F0030D648 /* SortingView.swift */,
			);
			path = Filter;
			sourceTree = "<group>";
		};
		49AA4E8E2D352E350068102F /* SpecialSearch */ = {
			isa = PBXGroup;
			children = (
				49C8A6D82D157B590030D648 /* RecentSearchKeywordView.swift */,
				49AA4E8C2D352D090068102F /* RecentSearchKeywordList.swift */,
				49AA4E8A2D352A530068102F /* TrendingKeywordList.swift */,
				49AA4DC72D2516F90068102F /* SpecialSearchContentView.swift */,
			);
			path = SpecialSearch;
			sourceTree = "<group>";
		};
		49C5CF6B2CDE24D2001DD737 = {
			isa = PBXGroup;
			children = (
				A05026F0897EBFCA5CA919E7 /* Frameworks */,
				4945A2A12CEB6ECC00FF05DC /* Gollaba */,
				4A5C00A7197583F18C551A39 /* Pods */,
				49C5CF752CDE24D2001DD737 /* Products */,
			);
			sourceTree = "<group>";
		};
		49C5CF752CDE24D2001DD737 /* Products */ = {
			isa = PBXGroup;
			children = (
				49C5CF742CDE24D2001DD737 /* Gollaba.app */,
			);
			name = Products;
			sourceTree = "<group>";
		};
		49C8A6772D0B060F0030D648 /* SearchResultList */ = {
			isa = PBXGroup;
			children = (
				49AA4E892D352A0B0068102F /* Filter */,
				49C8A6752D0B06090030D648 /* SearchResultListView.swift */,
				49C8A6782D0B1EF80030D648 /* SearchResultListViewModel.swift */,
			);
			path = SearchResultList;
			sourceTree = "<group>";
		};
		49C8A6A02D1052890030D648 /* Search */ = {
			isa = PBXGroup;
			children = (
				49C8A6A32D10530A0030D648 /* CustomView */,
				49C8A69E2D10527C0030D648 /* SearchView.swift */,
				49C8A6A12D1052F70030D648 /* SearchViewModel.swift */,
				49C8A6772D0B060F0030D648 /* SearchResultList */,
			);
			path = Search;
			sourceTree = "<group>";
		};
		49C8A6A32D10530A0030D648 /* CustomView */ = {
			isa = PBXGroup;
			children = (
				4945A2882CEB6ECC00FF05DC /* SearchPollView.swift */,
				49AA4E8E2D352E350068102F /* SpecialSearch */,
			);
			path = CustomView;
			sourceTree = "<group>";
		};
		4A5C00A7197583F18C551A39 /* Pods */ = {
			isa = PBXGroup;
			children = (
				9A6E2B06621E1BC62D5C1EBE /* Pods-Gollaba.debug.xcconfig */,
				FD24353A156A87676EC58F53 /* Pods-Gollaba.release.xcconfig */,
			);
			path = Pods;
			sourceTree = "<group>";
		};
		A05026F0897EBFCA5CA919E7 /* Frameworks */ = {
			isa = PBXGroup;
			children = (
				CD7BF02B2CDC532B3FC87184 /* Pods_Gollaba.framework */,
			);
			name = Frameworks;
			sourceTree = "<group>";
		};
/* End PBXGroup section */

/* Begin PBXNativeTarget section */
		49C5CF732CDE24D2001DD737 /* Gollaba */ = {
			isa = PBXNativeTarget;
			buildConfigurationList = 49C5CF822CDE24D3001DD737 /* Build configuration list for PBXNativeTarget "Gollaba" */;
			buildPhases = (
				5F2D0AFE655BC299CEC04037 /* [CP] Check Pods Manifest.lock */,
				49C5CF702CDE24D2001DD737 /* Sources */,
				49C5CF712CDE24D2001DD737 /* Frameworks */,
				49C5CF722CDE24D2001DD737 /* Resources */,
				1ABDB73F6F632E2BD5073B2B /* [CP] Embed Pods Frameworks */,
			);
			buildRules = (
			);
			dependencies = (
			);
			fileSystemSynchronizedGroups = (
				491A17512CEC8C2500C4666F /* CustomView */,
				4945A2CC2CEB741300FF05DC /* PollDetail */,
				495248372CF772E5005EAABD /* Model */,
				497DDF9D2CF83526008A8534 /* Modifier */,
				497DDFDD2CFDF258008A8534 /* SignUp */,
				49C8A6D62D1569460030D648 /* Entity */,
				49FEE24D2CEC95A6000991DB /* Manager */,
			);
			name = Gollaba;
			packageProductDependencies = (
				491A17142CEB85EF00C4666F /* Kingfisher */,
				49FEE2672CF322D5000991DB /* KakaoSDKAuth */,
				49FEE2692CF322D5000991DB /* KakaoSDKCommon */,
				49FEE26B2CF322D5000991DB /* KakaoSDKUser */,
				49AA4DB82D225C520068102F /* FirebaseAnalytics */,
				49AA4DBA2D225C520068102F /* FirebaseMessaging */,
			);
			productName = Gollaba;
			productReference = 49C5CF742CDE24D2001DD737 /* Gollaba.app */;
			productType = "com.apple.product-type.application";
		};
/* End PBXNativeTarget section */

/* Begin PBXProject section */
		49C5CF6C2CDE24D2001DD737 /* Project object */ = {
			isa = PBXProject;
			attributes = {
				BuildIndependentTargetsInParallel = 1;
				LastSwiftUpdateCheck = 1600;
				LastUpgradeCheck = 1600;
				TargetAttributes = {
					49C5CF732CDE24D2001DD737 = {
						CreatedOnToolsVersion = 16.0;
					};
				};
			};
			buildConfigurationList = 49C5CF6F2CDE24D2001DD737 /* Build configuration list for PBXProject "Gollaba" */;
			developmentRegion = en;
			hasScannedForEncodings = 0;
			knownRegions = (
				en,
				Base,
			);
			mainGroup = 49C5CF6B2CDE24D2001DD737;
			minimizedProjectReferenceProxies = 1;
			packageReferences = (
				491A17132CEB85EF00C4666F /* XCRemoteSwiftPackageReference "Kingfisher" */,
				49FEE2662CF322D5000991DB /* XCRemoteSwiftPackageReference "kakao-ios-sdk" */,
				49AA4DB72D225C520068102F /* XCRemoteSwiftPackageReference "firebase-ios-sdk" */,
			);
			preferredProjectObjectVersion = 77;
			productRefGroup = 49C5CF752CDE24D2001DD737 /* Products */;
			projectDirPath = "";
			projectRoot = "";
			targets = (
				49C5CF732CDE24D2001DD737 /* Gollaba */,
			);
		};
/* End PBXProject section */

/* Begin PBXResourcesBuildPhase section */
		49C5CF722CDE24D2001DD737 /* Resources */ = {
			isa = PBXResourcesBuildPhase;
			buildActionMask = 2147483647;
			files = (
				4945A2A22CEB6ECC00FF05DC /* Preview Assets.xcassets in Resources */,
				4945A2A32CEB6ECC00FF05DC /* Assets.xcassets in Resources */,
				4945A2A52CEB6ECC00FF05DC /* SUIT-Bold.ttf in Resources */,
				49AA4DB62D225BDE0068102F /* GoogleService-Info.plist in Resources */,
				4945A2A62CEB6ECC00FF05DC /* SUIT-Variable.ttf in Resources */,
				49FEE2702CF323EA000991DB /* Config.xcconfig in Resources */,
				4945A2A72CEB6ECC00FF05DC /* YANGJIN.otf in Resources */,
			);
			runOnlyForDeploymentPostprocessing = 0;
		};
/* End PBXResourcesBuildPhase section */

/* Begin PBXShellScriptBuildPhase section */
		1ABDB73F6F632E2BD5073B2B /* [CP] Embed Pods Frameworks */ = {
			isa = PBXShellScriptBuildPhase;
			buildActionMask = 2147483647;
			files = (
			);
			inputFileListPaths = (
				"${PODS_ROOT}/Target Support Files/Pods-Gollaba/Pods-Gollaba-frameworks-${CONFIGURATION}-input-files.xcfilelist",
			);
			name = "[CP] Embed Pods Frameworks";
			outputFileListPaths = (
				"${PODS_ROOT}/Target Support Files/Pods-Gollaba/Pods-Gollaba-frameworks-${CONFIGURATION}-output-files.xcfilelist",
			);
			runOnlyForDeploymentPostprocessing = 0;
			shellPath = /bin/sh;
			shellScript = "\"${PODS_ROOT}/Target Support Files/Pods-Gollaba/Pods-Gollaba-frameworks.sh\"\n";
			showEnvVarsInLog = 0;
		};
		5F2D0AFE655BC299CEC04037 /* [CP] Check Pods Manifest.lock */ = {
			isa = PBXShellScriptBuildPhase;
			buildActionMask = 2147483647;
			files = (
			);
			inputFileListPaths = (
			);
			inputPaths = (
				"${PODS_PODFILE_DIR_PATH}/Podfile.lock",
				"${PODS_ROOT}/Manifest.lock",
			);
			name = "[CP] Check Pods Manifest.lock";
			outputFileListPaths = (
			);
			outputPaths = (
				"$(DERIVED_FILE_DIR)/Pods-Gollaba-checkManifestLockResult.txt",
			);
			runOnlyForDeploymentPostprocessing = 0;
			shellPath = /bin/sh;
			shellScript = "diff \"${PODS_PODFILE_DIR_PATH}/Podfile.lock\" \"${PODS_ROOT}/Manifest.lock\" > /dev/null\nif [ $? != 0 ] ; then\n    # print error to STDERR\n    echo \"error: The sandbox is not in sync with the Podfile.lock. Run 'pod install' or update your CocoaPods installation.\" >&2\n    exit 1\nfi\n# This output is used by Xcode 'outputs' to avoid re-running this script phase.\necho \"SUCCESS\" > \"${SCRIPT_OUTPUT_FILE_0}\"\n";
			showEnvVarsInLog = 0;
		};
/* End PBXShellScriptBuildPhase section */

/* Begin PBXSourcesBuildPhase section */
		49C5CF702CDE24D2001DD737 /* Sources */ = {
			isa = PBXSourcesBuildPhase;
			buildActionMask = 2147483647;
			files = (
				497DDF9F2CF83622008A8534 /* PollContentOptionItemView.swift in Sources */,
				490CE2182D3E24F800D67E6D /* SettingView.swift in Sources */,
				49AA4DD42D2D4F8C0068102F /* PollStateViewRibbonStyle.swift in Sources */,
				49AA4E8B2D352A530068102F /* TrendingKeywordList.swift in Sources */,
				49AA4DC02D23C1DC0068102F /* HorizontalPollContentView.swift in Sources */,
				4945A2C92CEB73A700FF05DC /* HomeViewModel.swift in Sources */,
				497DDFBF2CFD99F6008A8534 /* ClearableTextFieldView.swift in Sources */,
				4945A2A92CEB6ECC00FF05DC /* Color+.swift in Sources */,
				49AA4DC42D240F800068102F /* HomeDividerView.swift in Sources */,
				49AA4DA92D213DF40068102F /* ProfileImageView.swift in Sources */,
				4945A2AA2CEB6ECC00FF05DC /* Font+.swift in Sources */,
				49C8A6A52D1054630030D648 /* SearchFilterButton.swift in Sources */,
				4945A2AB2CEB6ECC00FF05DC /* UINavigationController+.swift in Sources */,
				4945A2AC2CEB6ECC00FF05DC /* CalendarView.swift in Sources */,
				49C8A6762D0B06090030D648 /* SearchResultListView.swift in Sources */,
				4945A2AD2CEB6ECC00FF05DC /* CallendarOptionView.swift in Sources */,
				4945A2AE2CEB6ECC00FF05DC /* ChooseTwoOptionsView.swift in Sources */,
				491A174A2CEC685C00C4666F /* PollContentOptionView.swift in Sources */,
				4945A2AF2CEB6ECC00FF05DC /* EnrollPollButton.swift in Sources */,
				49AA4DC82D2516F90068102F /* SpecialSearchContentView.swift in Sources */,
				490CE2152D3E24E100D67E6D /* NotificationView.swift in Sources */,
				49C8A69F2D10527C0030D648 /* SearchView.swift in Sources */,
				4945A2B02CEB6ECC00FF05DC /* OptionBoxView.swift in Sources */,
				49C8A6792D0B1EF80030D648 /* SearchResultListViewModel.swift in Sources */,
				4945A2B12CEB6ECC00FF05DC /* PollItemView.swift in Sources */,
				4945A2B22CEB6ECC00FF05DC /* QuestionButton.swift in Sources */,
				49AA4E6A2D33E4D40068102F /* AppleLoginButton.swift in Sources */,
				4945A2B32CEB6ECC00FF05DC /* CreatePollContentGridView.swift in Sources */,
				49C8A6D92D157B590030D648 /* RecentSearchKeywordView.swift in Sources */,
				49C8A6A92D1056D70030D648 /* SearchFilterView.swift in Sources */,
				49C8A6AD2D11539F0030D648 /* SortingView.swift in Sources */,
				49C8A6DB2D1937B80030D648 /* GoToSearchView.swift in Sources */,
				4945A2B42CEB6ECC00FF05DC /* CreatePollView.swift in Sources */,
				49C8A6A22D1052F70030D648 /* SearchViewModel.swift in Sources */,
				49C8A6E52D2064120030D648 /* String+.swift in Sources */,
				4945A2B52CEB6ECC00FF05DC /* CreatePollViewModel.swift in Sources */,
				49AA4DD22D2D4E470068102F /* RibbonShape.swift in Sources */,
				4945A2B62CEB6ECC00FF05DC /* PollChartView.swift in Sources */,
				4945A2B72CEB6ECC00FF05DC /* PollStateView.swift in Sources */,
				49C8A6AB2D1057620030D648 /* SearchFilterContentView.swift in Sources */,
				491A17482CEC66FD00C4666F /* PollContentView.swift in Sources */,
				4945A2B92CEB6ECC00FF05DC /* VerticalPollList.swift in Sources */,
				49C8A6B12D11CCCD0030D648 /* OpenAndCloseButton.swift in Sources */,
				490CE21D2D40B60B00D67E6D /* SettingViewModel.swift in Sources */,
				4945A2BB2CEB6ECC00FF05DC /* HorizontalPollList.swift in Sources */,
				49FEE25E2CF22712000991DB /* TimePickerView.swift in Sources */,
				491A174E2CEC876700C4666F /* MyPollViewModel.swift in Sources */,
				4945A2BC2CEB6ECC00FF05DC /* SearchPollView.swift in Sources */,
				490CE21B2D3FC34A00D67E6D /* NotificationContentView.swift in Sources */,
				4945A2BD2CEB6ECC00FF05DC /* HomeView.swift in Sources */,
				4945A2BE2CEB6ECC00FF05DC /* OAuthLoginButton.swift in Sources */,
				49FEE2602CF229AD000991DB /* TimerOptionView.swift in Sources */,
				4945A2BF2CEB6ECC00FF05DC /* LoginView.swift in Sources */,
				4945A2C02CEB6ECC00FF05DC /* CustomTabView.swift in Sources */,
				49C8A6992D1012D00030D648 /* LoginViewModel.swift in Sources */,
				491A174C2CEC7EB100C4666F /* ThreeByTwoGridView.swift in Sources */,
				492ABF0D2D0886FB0051380C /* ScaleOnPressStyle.swift in Sources */,
				4945A2C12CEB6ECC00FF05DC /* CustomTabViewButton.swift in Sources */,
				4945A2C22CEB6ECC00FF05DC /* TitleView.swift in Sources */,
				4945A2C32CEB6ECC00FF05DC /* MainView.swift in Sources */,
				4945A2C42CEB6ECC00FF05DC /* MainViewModel.swift in Sources */,
				49AA4E8D2D352D090068102F /* RecentSearchKeywordList.swift in Sources */,
				497DDFBD2CFC2036008A8534 /* ShimmerView.swift in Sources */,
				4945A2C52CEB6ECC00FF05DC /* MyPollView.swift in Sources */,
				49AA4DC62D2415300068102F /* FavoritesButton.swift in Sources */,
				497DDFBB2CFC1FA8008A8534 /* View+Shimmer.swift in Sources */,
				4945A2C62CEB6ECC00FF05DC /* ContentView.swift in Sources */,
				4945A2C72CEB6ECC00FF05DC /* GollabaApp.swift in Sources */,
			);
			runOnlyForDeploymentPostprocessing = 0;
		};
/* End PBXSourcesBuildPhase section */

/* Begin XCBuildConfiguration section */
		49C5CF802CDE24D3001DD737 /* Debug */ = {
			isa = XCBuildConfiguration;
			baseConfigurationReference = 9A6E2B06621E1BC62D5C1EBE /* Pods-Gollaba.debug.xcconfig */;
			buildSettings = {
				ALWAYS_SEARCH_USER_PATHS = NO;
				ASSETCATALOG_COMPILER_GENERATE_SWIFT_ASSET_SYMBOL_EXTENSIONS = YES;
				CLANG_ANALYZER_NONNULL = YES;
				CLANG_ANALYZER_NUMBER_OBJECT_CONVERSION = YES_AGGRESSIVE;
				CLANG_CXX_LANGUAGE_STANDARD = "gnu++20";
				CLANG_ENABLE_MODULES = YES;
				CLANG_ENABLE_OBJC_ARC = YES;
				CLANG_ENABLE_OBJC_WEAK = YES;
				CLANG_WARN_BLOCK_CAPTURE_AUTORELEASING = YES;
				CLANG_WARN_BOOL_CONVERSION = YES;
				CLANG_WARN_COMMA = YES;
				CLANG_WARN_CONSTANT_CONVERSION = YES;
				CLANG_WARN_DEPRECATED_OBJC_IMPLEMENTATIONS = YES;
				CLANG_WARN_DIRECT_OBJC_ISA_USAGE = YES_ERROR;
				CLANG_WARN_DOCUMENTATION_COMMENTS = YES;
				CLANG_WARN_EMPTY_BODY = YES;
				CLANG_WARN_ENUM_CONVERSION = YES;
				CLANG_WARN_INFINITE_RECURSION = YES;
				CLANG_WARN_INT_CONVERSION = YES;
				CLANG_WARN_NON_LITERAL_NULL_CONVERSION = YES;
				CLANG_WARN_OBJC_IMPLICIT_RETAIN_SELF = YES;
				CLANG_WARN_OBJC_LITERAL_CONVERSION = YES;
				CLANG_WARN_OBJC_ROOT_CLASS = YES_ERROR;
				CLANG_WARN_QUOTED_INCLUDE_IN_FRAMEWORK_HEADER = YES;
				CLANG_WARN_RANGE_LOOP_ANALYSIS = YES;
				CLANG_WARN_STRICT_PROTOTYPES = YES;
				CLANG_WARN_SUSPICIOUS_MOVE = YES;
				CLANG_WARN_UNGUARDED_AVAILABILITY = YES_AGGRESSIVE;
				CLANG_WARN_UNREACHABLE_CODE = YES;
				CLANG_WARN__DUPLICATE_METHOD_MATCH = YES;
				COPY_PHASE_STRIP = NO;
				DEBUG_INFORMATION_FORMAT = dwarf;
				ENABLE_STRICT_OBJC_MSGSEND = YES;
				ENABLE_TESTABILITY = YES;
				ENABLE_USER_SCRIPT_SANDBOXING = NO;
				GCC_C_LANGUAGE_STANDARD = gnu17;
				GCC_DYNAMIC_NO_PIC = NO;
				GCC_NO_COMMON_BLOCKS = YES;
				GCC_OPTIMIZATION_LEVEL = 0;
				GCC_PREPROCESSOR_DEFINITIONS = (
					"DEBUG=1",
					"$(inherited)",
				);
				GCC_WARN_64_TO_32_BIT_CONVERSION = YES;
				GCC_WARN_ABOUT_RETURN_TYPE = YES_ERROR;
				GCC_WARN_UNDECLARED_SELECTOR = YES;
				GCC_WARN_UNINITIALIZED_AUTOS = YES_AGGRESSIVE;
				GCC_WARN_UNUSED_FUNCTION = YES;
				GCC_WARN_UNUSED_VARIABLE = YES;
				IPHONEOS_DEPLOYMENT_TARGET = 18.0;
				LOCALIZATION_PREFERS_STRING_CATALOGS = YES;
				MTL_ENABLE_DEBUG_INFO = INCLUDE_SOURCE;
				MTL_FAST_MATH = YES;
				ONLY_ACTIVE_ARCH = YES;
				SDKROOT = iphoneos;
				SWIFT_ACTIVE_COMPILATION_CONDITIONS = "DEBUG $(inherited)";
				SWIFT_OPTIMIZATION_LEVEL = "-Onone";
			};
			name = Debug;
		};
		49C5CF812CDE24D3001DD737 /* Release */ = {
			isa = XCBuildConfiguration;
			baseConfigurationReference = FD24353A156A87676EC58F53 /* Pods-Gollaba.release.xcconfig */;
			buildSettings = {
				ALWAYS_SEARCH_USER_PATHS = NO;
				ASSETCATALOG_COMPILER_GENERATE_SWIFT_ASSET_SYMBOL_EXTENSIONS = YES;
				CLANG_ANALYZER_NONNULL = YES;
				CLANG_ANALYZER_NUMBER_OBJECT_CONVERSION = YES_AGGRESSIVE;
				CLANG_CXX_LANGUAGE_STANDARD = "gnu++20";
				CLANG_ENABLE_MODULES = YES;
				CLANG_ENABLE_OBJC_ARC = YES;
				CLANG_ENABLE_OBJC_WEAK = YES;
				CLANG_WARN_BLOCK_CAPTURE_AUTORELEASING = YES;
				CLANG_WARN_BOOL_CONVERSION = YES;
				CLANG_WARN_COMMA = YES;
				CLANG_WARN_CONSTANT_CONVERSION = YES;
				CLANG_WARN_DEPRECATED_OBJC_IMPLEMENTATIONS = YES;
				CLANG_WARN_DIRECT_OBJC_ISA_USAGE = YES_ERROR;
				CLANG_WARN_DOCUMENTATION_COMMENTS = YES;
				CLANG_WARN_EMPTY_BODY = YES;
				CLANG_WARN_ENUM_CONVERSION = YES;
				CLANG_WARN_INFINITE_RECURSION = YES;
				CLANG_WARN_INT_CONVERSION = YES;
				CLANG_WARN_NON_LITERAL_NULL_CONVERSION = YES;
				CLANG_WARN_OBJC_IMPLICIT_RETAIN_SELF = YES;
				CLANG_WARN_OBJC_LITERAL_CONVERSION = YES;
				CLANG_WARN_OBJC_ROOT_CLASS = YES_ERROR;
				CLANG_WARN_QUOTED_INCLUDE_IN_FRAMEWORK_HEADER = YES;
				CLANG_WARN_RANGE_LOOP_ANALYSIS = YES;
				CLANG_WARN_STRICT_PROTOTYPES = YES;
				CLANG_WARN_SUSPICIOUS_MOVE = YES;
				CLANG_WARN_UNGUARDED_AVAILABILITY = YES_AGGRESSIVE;
				CLANG_WARN_UNREACHABLE_CODE = YES;
				CLANG_WARN__DUPLICATE_METHOD_MATCH = YES;
				COPY_PHASE_STRIP = NO;
				DEBUG_INFORMATION_FORMAT = "dwarf-with-dsym";
				ENABLE_NS_ASSERTIONS = NO;
				ENABLE_STRICT_OBJC_MSGSEND = YES;
				ENABLE_USER_SCRIPT_SANDBOXING = NO;
				GCC_C_LANGUAGE_STANDARD = gnu17;
				GCC_NO_COMMON_BLOCKS = YES;
				GCC_WARN_64_TO_32_BIT_CONVERSION = YES;
				GCC_WARN_ABOUT_RETURN_TYPE = YES_ERROR;
				GCC_WARN_UNDECLARED_SELECTOR = YES;
				GCC_WARN_UNINITIALIZED_AUTOS = YES_AGGRESSIVE;
				GCC_WARN_UNUSED_FUNCTION = YES;
				GCC_WARN_UNUSED_VARIABLE = YES;
				IPHONEOS_DEPLOYMENT_TARGET = 18.0;
				LOCALIZATION_PREFERS_STRING_CATALOGS = YES;
				MTL_ENABLE_DEBUG_INFO = NO;
				MTL_FAST_MATH = YES;
				SDKROOT = iphoneos;
				SWIFT_COMPILATION_MODE = wholemodule;
				VALIDATE_PRODUCT = YES;
			};
			name = Release;
		};
		49C5CF832CDE24D3001DD737 /* Debug */ = {
			isa = XCBuildConfiguration;
			baseConfigurationReference = 9A6E2B06621E1BC62D5C1EBE /* Pods-Gollaba.debug.xcconfig */;
			buildSettings = {
				ASSETCATALOG_COMPILER_APPICON_NAME = AppIcon;
				ASSETCATALOG_COMPILER_GLOBAL_ACCENT_COLOR_NAME = AccentColor;
				CODE_SIGN_ENTITLEMENTS = Gollaba/Gollaba.entitlements;
				CODE_SIGN_STYLE = Automatic;
				CURRENT_PROJECT_VERSION = 1;
				DEVELOPMENT_ASSET_PATHS = "\"Gollaba/Preview Content\"";
				DEVELOPMENT_TEAM = 697ACQDW6C;
				ENABLE_PREVIEWS = YES;
				ENABLE_USER_SCRIPT_SANDBOXING = NO;
				GENERATE_INFOPLIST_FILE = YES;
				INFOPLIST_FILE = Gollaba/Info.plist;
				INFOPLIST_KEY_UIApplicationSceneManifest_Generation = YES;
				INFOPLIST_KEY_UIApplicationSupportsIndirectInputEvents = YES;
				INFOPLIST_KEY_UILaunchScreen_Generation = YES;
				INFOPLIST_KEY_UISupportedInterfaceOrientations_iPad = "UIInterfaceOrientationPortrait UIInterfaceOrientationPortraitUpsideDown UIInterfaceOrientationLandscapeLeft UIInterfaceOrientationLandscapeRight";
				INFOPLIST_KEY_UISupportedInterfaceOrientations_iPhone = "UIInterfaceOrientationPortrait UIInterfaceOrientationLandscapeLeft UIInterfaceOrientationLandscapeRight";
				LD_RUNPATH_SEARCH_PATHS = (
					"$(inherited)",
					"@executable_path/Frameworks",
				);
				MARKETING_VERSION = 1.0;
				PRODUCT_BUNDLE_IDENTIFIER = com.kihyeon.Gollaba;
				PRODUCT_NAME = "$(TARGET_NAME)";
				SWIFT_EMIT_LOC_STRINGS = YES;
				SWIFT_VERSION = 5.0;
				TARGETED_DEVICE_FAMILY = "1,2";
			};
			name = Debug;
		};
		49C5CF842CDE24D3001DD737 /* Release */ = {
			isa = XCBuildConfiguration;
			baseConfigurationReference = FD24353A156A87676EC58F53 /* Pods-Gollaba.release.xcconfig */;
			buildSettings = {
				ASSETCATALOG_COMPILER_APPICON_NAME = AppIcon;
				ASSETCATALOG_COMPILER_GLOBAL_ACCENT_COLOR_NAME = AccentColor;
				CODE_SIGN_ENTITLEMENTS = Gollaba/Gollaba.entitlements;
				CODE_SIGN_STYLE = Automatic;
				CURRENT_PROJECT_VERSION = 1;
				DEVELOPMENT_ASSET_PATHS = "\"Gollaba/Preview Content\"";
				DEVELOPMENT_TEAM = 697ACQDW6C;
				ENABLE_PREVIEWS = YES;
				ENABLE_USER_SCRIPT_SANDBOXING = NO;
				GENERATE_INFOPLIST_FILE = YES;
				INFOPLIST_FILE = Gollaba/Info.plist;
				INFOPLIST_KEY_UIApplicationSceneManifest_Generation = YES;
				INFOPLIST_KEY_UIApplicationSupportsIndirectInputEvents = YES;
				INFOPLIST_KEY_UILaunchScreen_Generation = YES;
				INFOPLIST_KEY_UISupportedInterfaceOrientations_iPad = "UIInterfaceOrientationPortrait UIInterfaceOrientationPortraitUpsideDown UIInterfaceOrientationLandscapeLeft UIInterfaceOrientationLandscapeRight";
				INFOPLIST_KEY_UISupportedInterfaceOrientations_iPhone = "UIInterfaceOrientationPortrait UIInterfaceOrientationLandscapeLeft UIInterfaceOrientationLandscapeRight";
				LD_RUNPATH_SEARCH_PATHS = (
					"$(inherited)",
					"@executable_path/Frameworks",
				);
				MARKETING_VERSION = 1.0;
				PRODUCT_BUNDLE_IDENTIFIER = com.kihyeon.Gollaba;
				PRODUCT_NAME = "$(TARGET_NAME)";
				SWIFT_EMIT_LOC_STRINGS = YES;
				SWIFT_VERSION = 5.0;
				TARGETED_DEVICE_FAMILY = "1,2";
			};
			name = Release;
		};
/* End XCBuildConfiguration section */

/* Begin XCConfigurationList section */
		49C5CF6F2CDE24D2001DD737 /* Build configuration list for PBXProject "Gollaba" */ = {
			isa = XCConfigurationList;
			buildConfigurations = (
				49C5CF802CDE24D3001DD737 /* Debug */,
				49C5CF812CDE24D3001DD737 /* Release */,
			);
			defaultConfigurationIsVisible = 0;
			defaultConfigurationName = Release;
		};
		49C5CF822CDE24D3001DD737 /* Build configuration list for PBXNativeTarget "Gollaba" */ = {
			isa = XCConfigurationList;
			buildConfigurations = (
				49C5CF832CDE24D3001DD737 /* Debug */,
				49C5CF842CDE24D3001DD737 /* Release */,
			);
			defaultConfigurationIsVisible = 0;
			defaultConfigurationName = Release;
		};
/* End XCConfigurationList section */

/* Begin XCRemoteSwiftPackageReference section */
		491A17132CEB85EF00C4666F /* XCRemoteSwiftPackageReference "Kingfisher" */ = {
			isa = XCRemoteSwiftPackageReference;
			repositoryURL = "https://github.com/onevcat/Kingfisher";
			requirement = {
				kind = upToNextMajorVersion;
				minimumVersion = 8.1.0;
			};
		};
		49AA4DB72D225C520068102F /* XCRemoteSwiftPackageReference "firebase-ios-sdk" */ = {
			isa = XCRemoteSwiftPackageReference;
			repositoryURL = "https://github.com/firebase/firebase-ios-sdk";
			requirement = {
				kind = upToNextMajorVersion;
				minimumVersion = 11.6.0;
			};
		};
		49FEE2662CF322D5000991DB /* XCRemoteSwiftPackageReference "kakao-ios-sdk" */ = {
			isa = XCRemoteSwiftPackageReference;
			repositoryURL = "https://github.com/kakao/kakao-ios-sdk";
			requirement = {
				kind = upToNextMajorVersion;
				minimumVersion = 2.23.0;
			};
		};
/* End XCRemoteSwiftPackageReference section */

/* Begin XCSwiftPackageProductDependency section */
		491A17142CEB85EF00C4666F /* Kingfisher */ = {
			isa = XCSwiftPackageProductDependency;
			package = 491A17132CEB85EF00C4666F /* XCRemoteSwiftPackageReference "Kingfisher" */;
			productName = Kingfisher;
		};
		49AA4DB82D225C520068102F /* FirebaseAnalytics */ = {
			isa = XCSwiftPackageProductDependency;
			package = 49AA4DB72D225C520068102F /* XCRemoteSwiftPackageReference "firebase-ios-sdk" */;
			productName = FirebaseAnalytics;
		};
		49AA4DBA2D225C520068102F /* FirebaseMessaging */ = {
			isa = XCSwiftPackageProductDependency;
			package = 49AA4DB72D225C520068102F /* XCRemoteSwiftPackageReference "firebase-ios-sdk" */;
			productName = FirebaseMessaging;
		};
		49FEE2672CF322D5000991DB /* KakaoSDKAuth */ = {
			isa = XCSwiftPackageProductDependency;
			package = 49FEE2662CF322D5000991DB /* XCRemoteSwiftPackageReference "kakao-ios-sdk" */;
			productName = KakaoSDKAuth;
		};
		49FEE2692CF322D5000991DB /* KakaoSDKCommon */ = {
			isa = XCSwiftPackageProductDependency;
			package = 49FEE2662CF322D5000991DB /* XCRemoteSwiftPackageReference "kakao-ios-sdk" */;
			productName = KakaoSDKCommon;
		};
		49FEE26B2CF322D5000991DB /* KakaoSDKUser */ = {
			isa = XCSwiftPackageProductDependency;
			package = 49FEE2662CF322D5000991DB /* XCRemoteSwiftPackageReference "kakao-ios-sdk" */;
			productName = KakaoSDKUser;
		};
/* End XCSwiftPackageProductDependency section */
	};
	rootObject = 49C5CF6C2CDE24D2001DD737 /* Project object */;
}
